// !$*UTF8*$!
{
	archiveVersion = 1;
	classes = {
	};
	objectVersion = 46;
	objects = {

/* Begin PBXBuildFile section */
		7C10A8021A2D67EE005195BA /* FlowerContainer.m in Sources */ = {isa = PBXBuildFile; fileRef = 7C10A8011A2D67EE005195BA /* FlowerContainer.m */; };
		7C3A529B1A2AB5C000C83CD4 /* ColorTracker.m in Sources */ = {isa = PBXBuildFile; fileRef = 7C3A52991A2AB5C000C83CD4 /* ColorTracker.m */; };
		7C6560411A1AF6CB00EF6AAE /* flowerData.plist in Resources */ = {isa = PBXBuildFile; fileRef = 7C6560401A1AF6CB00EF6AAE /* flowerData.plist */; };
		7C9283001A338523007ADA2E /* MapKit.framework in Frameworks */ = {isa = PBXBuildFile; fileRef = 7C9282FF1A338523007ADA2E /* MapKit.framework */; };
		7C9283021A338567007ADA2E /* CoreLocation.framework in Frameworks */ = {isa = PBXBuildFile; fileRef = 7C9283011A338567007ADA2E /* CoreLocation.framework */; };
		7C9283041A33856E007ADA2E /* UIKit.framework in Frameworks */ = {isa = PBXBuildFile; fileRef = 7C9283031A33856E007ADA2E /* UIKit.framework */; };
		7C9A46041A3184B30005B726 /* blueDelphinium.png in Resources */ = {isa = PBXBuildFile; fileRef = 7C9A45BE1A3184B30005B726 /* blueDelphinium.png */; };
		7C9A46051A3184B30005B726 /* blueHydrangea.png in Resources */ = {isa = PBXBuildFile; fileRef = 7C9A45BF1A3184B30005B726 /* blueHydrangea.png */; };
		7C9A46061A3184B30005B726 /* blueIris.png in Resources */ = {isa = PBXBuildFile; fileRef = 7C9A45C01A3184B30005B726 /* blueIris.png */; };
		7C9A46071A3184B30005B726 /* blueMum.png in Resources */ = {isa = PBXBuildFile; fileRef = 7C9A45C11A3184B30005B726 /* blueMum.png */; };
		7C9A46081A3184B30005B726 /* blueRose.png in Resources */ = {isa = PBXBuildFile; fileRef = 7C9A45C21A3184B30005B726 /* blueRose.png */; };
		7C9A46091A3184B30005B726 /* brownCalla.png in Resources */ = {isa = PBXBuildFile; fileRef = 7C9A45C31A3184B30005B726 /* brownCalla.png */; };
		7C9A460A1A3184B30005B726 /* brownDaisy.png in Resources */ = {isa = PBXBuildFile; fileRef = 7C9A45C41A3184B30005B726 /* brownDaisy.png */; };
		7C9A460B1A3184B30005B726 /* brownHydrangea.png in Resources */ = {isa = PBXBuildFile; fileRef = 7C9A45C51A3184B30005B726 /* brownHydrangea.png */; };
		7C9A460C1A3184B30005B726 /* brownOrchids.png in Resources */ = {isa = PBXBuildFile; fileRef = 7C9A45C61A3184B30005B726 /* brownOrchids.png */; };
		7C9A460D1A3184B30005B726 /* brownRose.png in Resources */ = {isa = PBXBuildFile; fileRef = 7C9A45C71A3184B30005B726 /* brownRose.png */; };
		7C9A460E1A3184B30005B726 /* brownSunflower.png in Resources */ = {isa = PBXBuildFile; fileRef = 7C9A45C81A3184B30005B726 /* brownSunflower.png */; };
		7C9A460F1A3184B30005B726 /* greenAlstroemerias.png in Resources */ = {isa = PBXBuildFile; fileRef = 7C9A45C91A3184B30005B726 /* greenAlstroemerias.png */; };
		7C9A46101A3184B30005B726 /* greenCalla.png in Resources */ = {isa = PBXBuildFile; fileRef = 7C9A45CA1A3184B30005B726 /* greenCalla.png */; };
		7C9A46111A3184B30005B726 /* greenHydrangea.png in Resources */ = {isa = PBXBuildFile; fileRef = 7C9A45CB1A3184B30005B726 /* greenHydrangea.png */; };
		7C9A46121A3184B30005B726 /* greenLilies.png in Resources */ = {isa = PBXBuildFile; fileRef = 7C9A45CC1A3184B30005B726 /* greenLilies.png */; };
		7C9A46131A3184B30005B726 /* greenMum.png in Resources */ = {isa = PBXBuildFile; fileRef = 7C9A45CD1A3184B30005B726 /* greenMum.png */; };
		7C9A46141A3184B30005B726 /* greenOrchids.png in Resources */ = {isa = PBXBuildFile; fileRef = 7C9A45CE1A3184B30005B726 /* greenOrchids.png */; };
		7C9A46151A3184B30005B726 /* greenRose.png in Resources */ = {isa = PBXBuildFile; fileRef = 7C9A45CF1A3184B30005B726 /* greenRose.png */; };
		7C9A46161A3184B30005B726 /* orangeAlstroemerias.png in Resources */ = {isa = PBXBuildFile; fileRef = 7C9A45D01A3184B30005B726 /* orangeAlstroemerias.png */; };
		7C9A46171A3184B30005B726 /* orangeCalla.png in Resources */ = {isa = PBXBuildFile; fileRef = 7C9A45D11A3184B30005B726 /* orangeCalla.png */; };
		7C9A46181A3184B30005B726 /* orangeDaisy.png in Resources */ = {isa = PBXBuildFile; fileRef = 7C9A45D21A3184B30005B726 /* orangeDaisy.png */; };
		7C9A46191A3184B30005B726 /* orangelily.png in Resources */ = {isa = PBXBuildFile; fileRef = 7C9A45D31A3184B30005B726 /* orangelily.png */; };
		7C9A461A1A3184B30005B726 /* orangeRose.png in Resources */ = {isa = PBXBuildFile; fileRef = 7C9A45D41A3184B30005B726 /* orangeRose.png */; };
		7C9A461B1A3184B30005B726 /* orangeSnapdragon.png in Resources */ = {isa = PBXBuildFile; fileRef = 7C9A45D51A3184B30005B726 /* orangeSnapdragon.png */; };
		7C9A461C1A3184B30005B726 /* orangeSunflower.png in Resources */ = {isa = PBXBuildFile; fileRef = 7C9A45D61A3184B30005B726 /* orangeSunflower.png */; };
		7C9A461D1A3184B30005B726 /* pinkAlstroemerias.png in Resources */ = {isa = PBXBuildFile; fileRef = 7C9A45D71A3184B30005B726 /* pinkAlstroemerias.png */; };
		7C9A461E1A3184B30005B726 /* pinkCalla.png in Resources */ = {isa = PBXBuildFile; fileRef = 7C9A45D81A3184B30005B726 /* pinkCalla.png */; };
		7C9A461F1A3184B30005B726 /* pinkDaisy.png in Resources */ = {isa = PBXBuildFile; fileRef = 7C9A45D91A3184B30005B726 /* pinkDaisy.png */; };
		7C9A46201A3184B30005B726 /* pinkHydrangea.png in Resources */ = {isa = PBXBuildFile; fileRef = 7C9A45DA1A3184B30005B726 /* pinkHydrangea.png */; };
		7C9A46211A3184B30005B726 /* pinkLilies.png in Resources */ = {isa = PBXBuildFile; fileRef = 7C9A45DB1A3184B30005B726 /* pinkLilies.png */; };
		7C9A46221A3184B30005B726 /* pinkOrchids.png in Resources */ = {isa = PBXBuildFile; fileRef = 7C9A45DC1A3184B30005B726 /* pinkOrchids.png */; };
		7C9A46231A3184B30005B726 /* pinkRose.png in Resources */ = {isa = PBXBuildFile; fileRef = 7C9A45DD1A3184B30005B726 /* pinkRose.png */; };
		7C9A46241A3184B30005B726 /* pinkSnapdragon.png in Resources */ = {isa = PBXBuildFile; fileRef = 7C9A45DE1A3184B30005B726 /* pinkSnapdragon.png */; };
		7C9A46251A3184B30005B726 /* purpleAlstroemerias.png in Resources */ = {isa = PBXBuildFile; fileRef = 7C9A45DF1A3184B30005B726 /* purpleAlstroemerias.png */; };
		7C9A46261A3184B30005B726 /* purpleCalla.png in Resources */ = {isa = PBXBuildFile; fileRef = 7C9A45E01A3184B30005B726 /* purpleCalla.png */; };
		7C9A46271A3184B30005B726 /* purpleDaisy.png in Resources */ = {isa = PBXBuildFile; fileRef = 7C9A45E11A3184B30005B726 /* purpleDaisy.png */; };
		7C9A46281A3184B30005B726 /* purpleHydrangea.png in Resources */ = {isa = PBXBuildFile; fileRef = 7C9A45E21A3184B30005B726 /* purpleHydrangea.png */; };
		7C9A46291A3184B30005B726 /* purpleIris.png in Resources */ = {isa = PBXBuildFile; fileRef = 7C9A45E31A3184B30005B726 /* purpleIris.png */; };
		7C9A462A1A3184B30005B726 /* purpleOrchids.png in Resources */ = {isa = PBXBuildFile; fileRef = 7C9A45E41A3184B30005B726 /* purpleOrchids.png */; };
		7C9A462B1A3184B30005B726 /* purpleRose.png in Resources */ = {isa = PBXBuildFile; fileRef = 7C9A45E51A3184B30005B726 /* purpleRose.png */; };
		7C9A462C1A3184B30005B726 /* redAlstroemerias.png in Resources */ = {isa = PBXBuildFile; fileRef = 7C9A45E61A3184B30005B726 /* redAlstroemerias.png */; };
		7C9A462D1A3184B30005B726 /* redCalla.png in Resources */ = {isa = PBXBuildFile; fileRef = 7C9A45E71A3184B30005B726 /* redCalla.png */; };
		7C9A462E1A3184B30005B726 /* redDaisy.png in Resources */ = {isa = PBXBuildFile; fileRef = 7C9A45E81A3184B30005B726 /* redDaisy.png */; };
		7C9A462F1A3184B30005B726 /* redLilies.png in Resources */ = {isa = PBXBuildFile; fileRef = 7C9A45E91A3184B30005B726 /* redLilies.png */; };
		7C9A46301A3184B30005B726 /* redOrchids.png in Resources */ = {isa = PBXBuildFile; fileRef = 7C9A45EA1A3184B30005B726 /* redOrchids.png */; };
		7C9A46311A3184B30005B726 /* redRose.png in Resources */ = {isa = PBXBuildFile; fileRef = 7C9A45EB1A3184B30005B726 /* redRose.png */; };
		7C9A46321A3184B30005B726 /* redSnapdragon.png in Resources */ = {isa = PBXBuildFile; fileRef = 7C9A45EC1A3184B30005B726 /* redSnapdragon.png */; };
		7C9A46331A3184B30005B726 /* redSunflower.png in Resources */ = {isa = PBXBuildFile; fileRef = 7C9A45ED1A3184B30005B726 /* redSunflower.png */; };
		7C9A46341A3184B30005B726 /* turquoiseDaisy.png in Resources */ = {isa = PBXBuildFile; fileRef = 7C9A45EE1A3184B30005B726 /* turquoiseDaisy.png */; };
		7C9A46351A3184B30005B726 /* turquoiseHydrangea.png in Resources */ = {isa = PBXBuildFile; fileRef = 7C9A45EF1A3184B30005B726 /* turquoiseHydrangea.png */; };
		7C9A46361A3184B30005B726 /* turquoiseMum.png in Resources */ = {isa = PBXBuildFile; fileRef = 7C9A45F01A3184B30005B726 /* turquoiseMum.png */; };
		7C9A46371A3184B30005B726 /* turquoiseOrchid.png in Resources */ = {isa = PBXBuildFile; fileRef = 7C9A45F11A3184B30005B726 /* turquoiseOrchid.png */; };
		7C9A46381A3184B30005B726 /* turquoiseRose.png in Resources */ = {isa = PBXBuildFile; fileRef = 7C9A45F21A3184B30005B726 /* turquoiseRose.png */; };
		7C9A46391A3184B30005B726 /* whiteAlstroemerias.png in Resources */ = {isa = PBXBuildFile; fileRef = 7C9A45F31A3184B30005B726 /* whiteAlstroemerias.png */; };
		7C9A463A1A3184B30005B726 /* whiteCalla.png in Resources */ = {isa = PBXBuildFile; fileRef = 7C9A45F41A3184B30005B726 /* whiteCalla.png */; };
		7C9A463B1A3184B30005B726 /* whiteDaisy.png in Resources */ = {isa = PBXBuildFile; fileRef = 7C9A45F51A3184B30005B726 /* whiteDaisy.png */; };
		7C9A463C1A3184B30005B726 /* whiteDelphinium.png in Resources */ = {isa = PBXBuildFile; fileRef = 7C9A45F61A3184B30005B726 /* whiteDelphinium.png */; };
		7C9A463D1A3184B30005B726 /* whiteHydrangea.png in Resources */ = {isa = PBXBuildFile; fileRef = 7C9A45F71A3184B30005B726 /* whiteHydrangea.png */; };
		7C9A463E1A3184B30005B726 /* whiteLilies.png in Resources */ = {isa = PBXBuildFile; fileRef = 7C9A45F81A3184B30005B726 /* whiteLilies.png */; };
		7C9A463F1A3184B30005B726 /* whiteOrchids.png in Resources */ = {isa = PBXBuildFile; fileRef = 7C9A45F91A3184B30005B726 /* whiteOrchids.png */; };
		7C9A46401A3184B30005B726 /* whiteRose.png in Resources */ = {isa = PBXBuildFile; fileRef = 7C9A45FA1A3184B30005B726 /* whiteRose.png */; };
		7C9A46411A3184B30005B726 /* whiteSnapdragon.png in Resources */ = {isa = PBXBuildFile; fileRef = 7C9A45FB1A3184B30005B726 /* whiteSnapdragon.png */; };
		7C9A46421A3184B30005B726 /* yellowAlstroemerias.png in Resources */ = {isa = PBXBuildFile; fileRef = 7C9A45FC1A3184B30005B726 /* yellowAlstroemerias.png */; };
		7C9A46431A3184B30005B726 /* yellowCalla.png in Resources */ = {isa = PBXBuildFile; fileRef = 7C9A45FD1A3184B30005B726 /* yellowCalla.png */; };
		7C9A46441A3184B30005B726 /* yellowLilies.png in Resources */ = {isa = PBXBuildFile; fileRef = 7C9A45FE1A3184B30005B726 /* yellowLilies.png */; };
		7C9A46451A3184B30005B726 /* yellowMum.png in Resources */ = {isa = PBXBuildFile; fileRef = 7C9A45FF1A3184B30005B726 /* yellowMum.png */; };
		7C9A46461A3184B30005B726 /* yellowOrchids.png in Resources */ = {isa = PBXBuildFile; fileRef = 7C9A46001A3184B30005B726 /* yellowOrchids.png */; };
		7C9A46471A3184B30005B726 /* yellowRose.png in Resources */ = {isa = PBXBuildFile; fileRef = 7C9A46011A3184B30005B726 /* yellowRose.png */; };
		7C9A46481A3184B30005B726 /* yellowSnapdragon.png in Resources */ = {isa = PBXBuildFile; fileRef = 7C9A46021A3184B30005B726 /* yellowSnapdragon.png */; };
		7C9A46491A3184B30005B726 /* yellowSunflower.png in Resources */ = {isa = PBXBuildFile; fileRef = 7C9A46031A3184B30005B726 /* yellowSunflower.png */; };
		7CAD1C941A24112B00AF3F55 /* Flower.m in Sources */ = {isa = PBXBuildFile; fileRef = 7CAD1C931A24112B00AF3F55 /* Flower.m */; };
		7CB5FA531A1450D000F6C0FD /* main.m in Sources */ = {isa = PBXBuildFile; fileRef = 7CB5FA521A1450D000F6C0FD /* main.m */; };
		7CB5FA561A1450D000F6C0FD /* AppDelegate.m in Sources */ = {isa = PBXBuildFile; fileRef = 7CB5FA551A1450D000F6C0FD /* AppDelegate.m */; };
		7CB5FA591A1450D000F6C0FD /* FlowerPicker.xcdatamodeld in Sources */ = {isa = PBXBuildFile; fileRef = 7CB5FA571A1450D000F6C0FD /* FlowerPicker.xcdatamodeld */; };
		7CB5FA5F1A1450D000F6C0FD /* Main.storyboard in Resources */ = {isa = PBXBuildFile; fileRef = 7CB5FA5D1A1450D000F6C0FD /* Main.storyboard */; };
		7CB5FA611A1450D000F6C0FD /* Images.xcassets in Resources */ = {isa = PBXBuildFile; fileRef = 7CB5FA601A1450D000F6C0FD /* Images.xcassets */; };
		7CB5FA641A1450D000F6C0FD /* LaunchScreen.xib in Resources */ = {isa = PBXBuildFile; fileRef = 7CB5FA621A1450D000F6C0FD /* LaunchScreen.xib */; };
		7CB5FA701A1450D100F6C0FD /* FlowerPickerTests.m in Sources */ = {isa = PBXBuildFile; fileRef = 7CB5FA6F1A1450D100F6C0FD /* FlowerPickerTests.m */; };
		7CB831191A31BBBA00907733 /* fall-disabled.png in Resources */ = {isa = PBXBuildFile; fileRef = 7CB831111A31BBBA00907733 /* fall-disabled.png */; };
		7CB8311A1A31BBBA00907733 /* fall.png in Resources */ = {isa = PBXBuildFile; fileRef = 7CB831121A31BBBA00907733 /* fall.png */; };
		7CB8311B1A31BBBA00907733 /* spring-disabled.png in Resources */ = {isa = PBXBuildFile; fileRef = 7CB831131A31BBBA00907733 /* spring-disabled.png */; };
		7CB8311C1A31BBBA00907733 /* spring.png in Resources */ = {isa = PBXBuildFile; fileRef = 7CB831141A31BBBA00907733 /* spring.png */; };
		7CB8311D1A31BBBA00907733 /* summer-disabled.png in Resources */ = {isa = PBXBuildFile; fileRef = 7CB831151A31BBBA00907733 /* summer-disabled.png */; };
		7CB8311E1A31BBBA00907733 /* summer.png in Resources */ = {isa = PBXBuildFile; fileRef = 7CB831161A31BBBA00907733 /* summer.png */; };
		7CB8311F1A31BBBA00907733 /* winter-disabled.png in Resources */ = {isa = PBXBuildFile; fileRef = 7CB831171A31BBBA00907733 /* winter-disabled.png */; };
		7CB831201A31BBBA00907733 /* winter.png in Resources */ = {isa = PBXBuildFile; fileRef = 7CB831181A31BBBA00907733 /* winter.png */; };
		7CB8312B1A31BD9A00907733 /* blue.png in Resources */ = {isa = PBXBuildFile; fileRef = 7CB831211A31BD9900907733 /* blue.png */; };
		7CB8312C1A31BD9A00907733 /* brown.png in Resources */ = {isa = PBXBuildFile; fileRef = 7CB831221A31BD9900907733 /* brown.png */; };
		7CB8312D1A31BD9A00907733 /* green.png in Resources */ = {isa = PBXBuildFile; fileRef = 7CB831231A31BD9900907733 /* green.png */; };
		7CB8312E1A31BD9A00907733 /* orange.png in Resources */ = {isa = PBXBuildFile; fileRef = 7CB831241A31BD9900907733 /* orange.png */; };
		7CB8312F1A31BD9A00907733 /* pink.png in Resources */ = {isa = PBXBuildFile; fileRef = 7CB831251A31BD9900907733 /* pink.png */; };
		7CB831301A31BD9A00907733 /* purple.png in Resources */ = {isa = PBXBuildFile; fileRef = 7CB831261A31BD9900907733 /* purple.png */; };
		7CB831311A31BD9A00907733 /* red.png in Resources */ = {isa = PBXBuildFile; fileRef = 7CB831271A31BD9900907733 /* red.png */; };
		7CB831321A31BD9A00907733 /* turquoise.png in Resources */ = {isa = PBXBuildFile; fileRef = 7CB831281A31BD9900907733 /* turquoise.png */; };
		7CB831331A31BD9A00907733 /* white.png in Resources */ = {isa = PBXBuildFile; fileRef = 7CB831291A31BD9900907733 /* white.png */; };
		7CB831341A31BD9A00907733 /* yellow.png in Resources */ = {isa = PBXBuildFile; fileRef = 7CB8312A1A31BD9900907733 /* yellow.png */; };
		7CB831451A31C5BD00907733 /* yellow-disabled.png in Resources */ = {isa = PBXBuildFile; fileRef = 7CB8313B1A31C5BD00907733 /* yellow-disabled.png */; };
		7CB831461A31C5BD00907733 /* white-disabled.png in Resources */ = {isa = PBXBuildFile; fileRef = 7CB8313C1A31C5BD00907733 /* white-disabled.png */; };
		7CB831471A31C5BD00907733 /* turquoise-disabled.png in Resources */ = {isa = PBXBuildFile; fileRef = 7CB8313D1A31C5BD00907733 /* turquoise-disabled.png */; };
		7CB831481A31C5BD00907733 /* red-disabled.png in Resources */ = {isa = PBXBuildFile; fileRef = 7CB8313E1A31C5BD00907733 /* red-disabled.png */; };
		7CB831491A31C5BD00907733 /* purple-disabled.png in Resources */ = {isa = PBXBuildFile; fileRef = 7CB8313F1A31C5BD00907733 /* purple-disabled.png */; };
		7CB8314A1A31C5BD00907733 /* pink-disabled.png in Resources */ = {isa = PBXBuildFile; fileRef = 7CB831401A31C5BD00907733 /* pink-disabled.png */; };
		7CB8314B1A31C5BD00907733 /* orange-disabled.png in Resources */ = {isa = PBXBuildFile; fileRef = 7CB831411A31C5BD00907733 /* orange-disabled.png */; };
		7CB8314C1A31C5BD00907733 /* green-disabled.png in Resources */ = {isa = PBXBuildFile; fileRef = 7CB831421A31C5BD00907733 /* green-disabled.png */; };
		7CB8314D1A31C5BD00907733 /* brown-disabled.png in Resources */ = {isa = PBXBuildFile; fileRef = 7CB831431A31C5BD00907733 /* brown-disabled.png */; };
		7CB8314E1A31C5BD00907733 /* blue-disabled.png in Resources */ = {isa = PBXBuildFile; fileRef = 7CB831441A31C5BD00907733 /* blue-disabled.png */; };
		7CE5DDCF1A2FF44700555DA4 /* green_check.png in Resources */ = {isa = PBXBuildFile; fileRef = 7CE5DDCE1A2FF44700555DA4 /* green_check.png */; };
		C321FCAE1A1C5EF8006FF9FE /* Contents.json in Resources */ = {isa = PBXBuildFile; fileRef = C321FCAD1A1C5EF8006FF9FE /* Contents.json */; };
		D77C42C21A279BD8004E11FA /* FlowerInfoCell.m in Sources */ = {isa = PBXBuildFile; fileRef = D77C42C11A279BD8004E11FA /* FlowerInfoCell.m */; };
		E149DD831A2FBFA5000F2097 /* shop-7.png in Resources */ = {isa = PBXBuildFile; fileRef = E149DD821A2FBFA5000F2097 /* shop-7.png */; };
		E149DD851A2FBFE3000F2097 /* search-7.png in Resources */ = {isa = PBXBuildFile; fileRef = E149DD841A2FBFE3000F2097 /* search-7.png */; };
		E149DD891A2FC075000F2097 /* plant-element-7.png in Resources */ = {isa = PBXBuildFile; fileRef = E149DD881A2FC075000F2097 /* plant-element-7.png */; };
		E149DD8D1A2FC0A9000F2097 /* character-a-7.png in Resources */ = {isa = PBXBuildFile; fileRef = E149DD8C1A2FC0A9000F2097 /* character-a-7.png */; };
		E149DD8F1A2FC116000F2097 /* list-simple-7.png in Resources */ = {isa = PBXBuildFile; fileRef = E149DD8E1A2FC116000F2097 /* list-simple-7.png */; };
		E15F2EEB1A33885600CE1F43 /* AboutPageAlstroemeria.jpg in Resources */ = {isa = PBXBuildFile; fileRef = E15F2EDF1A33885600CE1F43 /* AboutPageAlstroemeria.jpg */; };
		E15F2EEC1A33885600CE1F43 /* AboutPageRose.jpeg in Resources */ = {isa = PBXBuildFile; fileRef = E15F2EE01A33885600CE1F43 /* AboutPageRose.jpeg */; };
		E15F2EED1A33885600CE1F43 /* Calla.jpg in Resources */ = {isa = PBXBuildFile; fileRef = E15F2EE11A33885600CE1F43 /* Calla.jpg */; };
		E15F2EEE1A33885600CE1F43 /* Daisy.jpg in Resources */ = {isa = PBXBuildFile; fileRef = E15F2EE21A33885600CE1F43 /* Daisy.jpg */; };
		E15F2EEF1A33885600CE1F43 /* delphiniumpaganpurple.jpg in Resources */ = {isa = PBXBuildFile; fileRef = E15F2EE31A33885600CE1F43 /* delphiniumpaganpurple.jpg */; };
		E15F2EF01A33885600CE1F43 /* Hydrangeas.jpg in Resources */ = {isa = PBXBuildFile; fileRef = E15F2EE41A33885600CE1F43 /* Hydrangeas.jpg */; };
		E15F2EF11A33885600CE1F43 /* Lilies.jpg in Resources */ = {isa = PBXBuildFile; fileRef = E15F2EE51A33885600CE1F43 /* Lilies.jpg */; };
		E15F2EF21A33885600CE1F43 /* Mum.jpg in Resources */ = {isa = PBXBuildFile; fileRef = E15F2EE61A33885600CE1F43 /* Mum.jpg */; };
		E15F2EF31A33885600CE1F43 /* Orchids.jpg in Resources */ = {isa = PBXBuildFile; fileRef = E15F2EE71A33885600CE1F43 /* Orchids.jpg */; };
		E15F2EF41A33885600CE1F43 /* iris.png in Resources */ = {isa = PBXBuildFile; fileRef = E15F2EE81A33885600CE1F43 /* iris.png */; };
		E15F2EF51A33885600CE1F43 /* Snapdragons.jpg in Resources */ = {isa = PBXBuildFile; fileRef = E15F2EE91A33885600CE1F43 /* Snapdragons.jpg */; };
		E15F2EF61A33885600CE1F43 /* Sunflowers.jpg in Resources */ = {isa = PBXBuildFile; fileRef = E15F2EEA1A33885600CE1F43 /* Sunflowers.jpg */; };
		E15F2EFA1A338F8000CE1F43 /* blueOrchids.jpg in Resources */ = {isa = PBXBuildFile; fileRef = E15F2EF71A338F8000CE1F43 /* blueOrchids.jpg */; };
		E15F2EFB1A338F8000CE1F43 /* pinkMum.jpeg in Resources */ = {isa = PBXBuildFile; fileRef = E15F2EF81A338F8000CE1F43 /* pinkMum.jpeg */; };
		E15F2EFC1A338F8000CE1F43 /* purpleSnapdragon.jpeg in Resources */ = {isa = PBXBuildFile; fileRef = E15F2EF91A338F8000CE1F43 /* purpleSnapdragon.jpeg */; };
		E15F2EFF1A33955A00CE1F43 /* sun.png in Resources */ = {isa = PBXBuildFile; fileRef = E15F2EFE1A33955A00CE1F43 /* sun.png */; };
		E15F2F011A33956900CE1F43 /* launchImage3.png in Resources */ = {isa = PBXBuildFile; fileRef = E15F2F001A33956900CE1F43 /* launchImage3.png */; };
		E1CD05A61A1DB13B003B8C77 /* AboutsPageViewController.m in Sources */ = {isa = PBXBuildFile; fileRef = E1CD05A51A1DB13B003B8C77 /* AboutsPageViewController.m */; };
		E1CD05A91A1DB159003B8C77 /* FloristsWebViewController.m in Sources */ = {isa = PBXBuildFile; fileRef = E1CD05A81A1DB159003B8C77 /* FloristsWebViewController.m */; };
		E1CD05AC1A1DB16E003B8C77 /* FlowerDetailsViewController.m in Sources */ = {isa = PBXBuildFile; fileRef = E1CD05AB1A1DB16E003B8C77 /* FlowerDetailsViewController.m */; };
		E1CD05AF1A1DB19F003B8C77 /* ListsTableViewController.m in Sources */ = {isa = PBXBuildFile; fileRef = E1CD05AE1A1DB19F003B8C77 /* ListsTableViewController.m */; };
		E1CD05B21A1DB1D9003B8C77 /* SearchTableViewController.m in Sources */ = {isa = PBXBuildFile; fileRef = E1CD05B11A1DB1D9003B8C77 /* SearchTableViewController.m */; };
		E1CD05B51A1DB1F5003B8C77 /* FloristsTableViewController.m in Sources */ = {isa = PBXBuildFile; fileRef = E1CD05B41A1DB1F5003B8C77 /* FloristsTableViewController.m */; };
		E1CD05B81A1DB218003B8C77 /* ColorPickerViewController.m in Sources */ = {isa = PBXBuildFile; fileRef = E1CD05B71A1DB218003B8C77 /* ColorPickerViewController.m */; };
/* End PBXBuildFile section */

/* Begin PBXContainerItemProxy section */
		7CB5FA6A1A1450D100F6C0FD /* PBXContainerItemProxy */ = {
			isa = PBXContainerItemProxy;
			containerPortal = 7CB5FA451A1450D000F6C0FD /* Project object */;
			proxyType = 1;
			remoteGlobalIDString = 7CB5FA4C1A1450D000F6C0FD;
			remoteInfo = FlowerPicker;
		};
/* End PBXContainerItemProxy section */

/* Begin PBXFileReference section */
		7C10A8001A2D67EE005195BA /* FlowerContainer.h */ = {isa = PBXFileReference; fileEncoding = 4; lastKnownFileType = sourcecode.c.h; path = FlowerContainer.h; sourceTree = "<group>"; };
		7C10A8011A2D67EE005195BA /* FlowerContainer.m */ = {isa = PBXFileReference; fileEncoding = 4; lastKnownFileType = sourcecode.c.objc; path = FlowerContainer.m; sourceTree = "<group>"; };
		7C3A52981A2AB5C000C83CD4 /* ColorTracker.h */ = {isa = PBXFileReference; fileEncoding = 4; lastKnownFileType = sourcecode.c.h; path = ColorTracker.h; sourceTree = "<group>"; };
		7C3A52991A2AB5C000C83CD4 /* ColorTracker.m */ = {isa = PBXFileReference; fileEncoding = 4; lastKnownFileType = sourcecode.c.objc; path = ColorTracker.m; sourceTree = "<group>"; };
		7C6560401A1AF6CB00EF6AAE /* flowerData.plist */ = {isa = PBXFileReference; fileEncoding = 4; lastKnownFileType = text.plist.xml; path = flowerData.plist; sourceTree = "<group>"; };
		7C9282FF1A338523007ADA2E /* MapKit.framework */ = {isa = PBXFileReference; lastKnownFileType = wrapper.framework; name = MapKit.framework; path = System/Library/Frameworks/MapKit.framework; sourceTree = SDKROOT; };
		7C9283011A338567007ADA2E /* CoreLocation.framework */ = {isa = PBXFileReference; lastKnownFileType = wrapper.framework; name = CoreLocation.framework; path = System/Library/Frameworks/CoreLocation.framework; sourceTree = SDKROOT; };
		7C9283031A33856E007ADA2E /* UIKit.framework */ = {isa = PBXFileReference; lastKnownFileType = wrapper.framework; name = UIKit.framework; path = System/Library/Frameworks/UIKit.framework; sourceTree = SDKROOT; };
		7C9A45BE1A3184B30005B726 /* blueDelphinium.png */ = {isa = PBXFileReference; lastKnownFileType = image.png; path = blueDelphinium.png; sourceTree = "<group>"; };
		7C9A45BF1A3184B30005B726 /* blueHydrangea.png */ = {isa = PBXFileReference; lastKnownFileType = image.png; path = blueHydrangea.png; sourceTree = "<group>"; };
		7C9A45C01A3184B30005B726 /* blueIris.png */ = {isa = PBXFileReference; lastKnownFileType = image.png; path = blueIris.png; sourceTree = "<group>"; };
		7C9A45C11A3184B30005B726 /* blueMum.png */ = {isa = PBXFileReference; lastKnownFileType = image.png; path = blueMum.png; sourceTree = "<group>"; };
		7C9A45C21A3184B30005B726 /* blueRose.png */ = {isa = PBXFileReference; lastKnownFileType = image.png; path = blueRose.png; sourceTree = "<group>"; };
		7C9A45C31A3184B30005B726 /* brownCalla.png */ = {isa = PBXFileReference; lastKnownFileType = image.png; path = brownCalla.png; sourceTree = "<group>"; };
		7C9A45C41A3184B30005B726 /* brownDaisy.png */ = {isa = PBXFileReference; lastKnownFileType = image.png; path = brownDaisy.png; sourceTree = "<group>"; };
		7C9A45C51A3184B30005B726 /* brownHydrangea.png */ = {isa = PBXFileReference; lastKnownFileType = image.png; path = brownHydrangea.png; sourceTree = "<group>"; };
		7C9A45C61A3184B30005B726 /* brownOrchids.png */ = {isa = PBXFileReference; lastKnownFileType = image.png; path = brownOrchids.png; sourceTree = "<group>"; };
		7C9A45C71A3184B30005B726 /* brownRose.png */ = {isa = PBXFileReference; lastKnownFileType = image.png; path = brownRose.png; sourceTree = "<group>"; };
		7C9A45C81A3184B30005B726 /* brownSunflower.png */ = {isa = PBXFileReference; lastKnownFileType = image.png; path = brownSunflower.png; sourceTree = "<group>"; };
		7C9A45C91A3184B30005B726 /* greenAlstroemerias.png */ = {isa = PBXFileReference; lastKnownFileType = image.png; path = greenAlstroemerias.png; sourceTree = "<group>"; };
		7C9A45CA1A3184B30005B726 /* greenCalla.png */ = {isa = PBXFileReference; lastKnownFileType = image.png; path = greenCalla.png; sourceTree = "<group>"; };
		7C9A45CB1A3184B30005B726 /* greenHydrangea.png */ = {isa = PBXFileReference; lastKnownFileType = image.png; path = greenHydrangea.png; sourceTree = "<group>"; };
		7C9A45CC1A3184B30005B726 /* greenLilies.png */ = {isa = PBXFileReference; lastKnownFileType = image.png; path = greenLilies.png; sourceTree = "<group>"; };
		7C9A45CD1A3184B30005B726 /* greenMum.png */ = {isa = PBXFileReference; lastKnownFileType = image.png; path = greenMum.png; sourceTree = "<group>"; };
		7C9A45CE1A3184B30005B726 /* greenOrchids.png */ = {isa = PBXFileReference; lastKnownFileType = image.png; path = greenOrchids.png; sourceTree = "<group>"; };
		7C9A45CF1A3184B30005B726 /* greenRose.png */ = {isa = PBXFileReference; lastKnownFileType = image.png; path = greenRose.png; sourceTree = "<group>"; };
		7C9A45D01A3184B30005B726 /* orangeAlstroemerias.png */ = {isa = PBXFileReference; lastKnownFileType = image.png; path = orangeAlstroemerias.png; sourceTree = "<group>"; };
		7C9A45D11A3184B30005B726 /* orangeCalla.png */ = {isa = PBXFileReference; lastKnownFileType = image.png; path = orangeCalla.png; sourceTree = "<group>"; };
		7C9A45D21A3184B30005B726 /* orangeDaisy.png */ = {isa = PBXFileReference; lastKnownFileType = image.png; path = orangeDaisy.png; sourceTree = "<group>"; };
		7C9A45D31A3184B30005B726 /* orangelily.png */ = {isa = PBXFileReference; lastKnownFileType = image.png; path = orangelily.png; sourceTree = "<group>"; };
		7C9A45D41A3184B30005B726 /* orangeRose.png */ = {isa = PBXFileReference; lastKnownFileType = image.png; path = orangeRose.png; sourceTree = "<group>"; };
		7C9A45D51A3184B30005B726 /* orangeSnapdragon.png */ = {isa = PBXFileReference; lastKnownFileType = image.png; path = orangeSnapdragon.png; sourceTree = "<group>"; };
		7C9A45D61A3184B30005B726 /* orangeSunflower.png */ = {isa = PBXFileReference; lastKnownFileType = image.png; path = orangeSunflower.png; sourceTree = "<group>"; };
		7C9A45D71A3184B30005B726 /* pinkAlstroemerias.png */ = {isa = PBXFileReference; lastKnownFileType = image.png; path = pinkAlstroemerias.png; sourceTree = "<group>"; };
		7C9A45D81A3184B30005B726 /* pinkCalla.png */ = {isa = PBXFileReference; lastKnownFileType = image.png; path = pinkCalla.png; sourceTree = "<group>"; };
		7C9A45D91A3184B30005B726 /* pinkDaisy.png */ = {isa = PBXFileReference; lastKnownFileType = image.png; path = pinkDaisy.png; sourceTree = "<group>"; };
		7C9A45DA1A3184B30005B726 /* pinkHydrangea.png */ = {isa = PBXFileReference; lastKnownFileType = image.png; path = pinkHydrangea.png; sourceTree = "<group>"; };
		7C9A45DB1A3184B30005B726 /* pinkLilies.png */ = {isa = PBXFileReference; lastKnownFileType = image.png; path = pinkLilies.png; sourceTree = "<group>"; };
		7C9A45DC1A3184B30005B726 /* pinkOrchids.png */ = {isa = PBXFileReference; lastKnownFileType = image.png; path = pinkOrchids.png; sourceTree = "<group>"; };
		7C9A45DD1A3184B30005B726 /* pinkRose.png */ = {isa = PBXFileReference; lastKnownFileType = image.png; path = pinkRose.png; sourceTree = "<group>"; };
		7C9A45DE1A3184B30005B726 /* pinkSnapdragon.png */ = {isa = PBXFileReference; lastKnownFileType = image.png; path = pinkSnapdragon.png; sourceTree = "<group>"; };
		7C9A45DF1A3184B30005B726 /* purpleAlstroemerias.png */ = {isa = PBXFileReference; lastKnownFileType = image.png; path = purpleAlstroemerias.png; sourceTree = "<group>"; };
		7C9A45E01A3184B30005B726 /* purpleCalla.png */ = {isa = PBXFileReference; lastKnownFileType = image.png; path = purpleCalla.png; sourceTree = "<group>"; };
		7C9A45E11A3184B30005B726 /* purpleDaisy.png */ = {isa = PBXFileReference; lastKnownFileType = image.png; path = purpleDaisy.png; sourceTree = "<group>"; };
		7C9A45E21A3184B30005B726 /* purpleHydrangea.png */ = {isa = PBXFileReference; lastKnownFileType = image.png; path = purpleHydrangea.png; sourceTree = "<group>"; };
		7C9A45E31A3184B30005B726 /* purpleIris.png */ = {isa = PBXFileReference; lastKnownFileType = image.png; path = purpleIris.png; sourceTree = "<group>"; };
		7C9A45E41A3184B30005B726 /* purpleOrchids.png */ = {isa = PBXFileReference; lastKnownFileType = image.png; path = purpleOrchids.png; sourceTree = "<group>"; };
		7C9A45E51A3184B30005B726 /* purpleRose.png */ = {isa = PBXFileReference; lastKnownFileType = image.png; path = purpleRose.png; sourceTree = "<group>"; };
		7C9A45E61A3184B30005B726 /* redAlstroemerias.png */ = {isa = PBXFileReference; lastKnownFileType = image.png; path = redAlstroemerias.png; sourceTree = "<group>"; };
		7C9A45E71A3184B30005B726 /* redCalla.png */ = {isa = PBXFileReference; lastKnownFileType = image.png; path = redCalla.png; sourceTree = "<group>"; };
		7C9A45E81A3184B30005B726 /* redDaisy.png */ = {isa = PBXFileReference; lastKnownFileType = image.png; path = redDaisy.png; sourceTree = "<group>"; };
		7C9A45E91A3184B30005B726 /* redLilies.png */ = {isa = PBXFileReference; lastKnownFileType = image.png; path = redLilies.png; sourceTree = "<group>"; };
		7C9A45EA1A3184B30005B726 /* redOrchids.png */ = {isa = PBXFileReference; lastKnownFileType = image.png; path = redOrchids.png; sourceTree = "<group>"; };
		7C9A45EB1A3184B30005B726 /* redRose.png */ = {isa = PBXFileReference; lastKnownFileType = image.png; path = redRose.png; sourceTree = "<group>"; };
		7C9A45EC1A3184B30005B726 /* redSnapdragon.png */ = {isa = PBXFileReference; lastKnownFileType = image.png; path = redSnapdragon.png; sourceTree = "<group>"; };
		7C9A45ED1A3184B30005B726 /* redSunflower.png */ = {isa = PBXFileReference; lastKnownFileType = image.png; path = redSunflower.png; sourceTree = "<group>"; };
		7C9A45EE1A3184B30005B726 /* turquoiseDaisy.png */ = {isa = PBXFileReference; lastKnownFileType = image.png; path = turquoiseDaisy.png; sourceTree = "<group>"; };
		7C9A45EF1A3184B30005B726 /* turquoiseHydrangea.png */ = {isa = PBXFileReference; lastKnownFileType = image.png; path = turquoiseHydrangea.png; sourceTree = "<group>"; };
		7C9A45F01A3184B30005B726 /* turquoiseMum.png */ = {isa = PBXFileReference; lastKnownFileType = image.png; path = turquoiseMum.png; sourceTree = "<group>"; };
		7C9A45F11A3184B30005B726 /* turquoiseOrchid.png */ = {isa = PBXFileReference; lastKnownFileType = image.png; path = turquoiseOrchid.png; sourceTree = "<group>"; };
		7C9A45F21A3184B30005B726 /* turquoiseRose.png */ = {isa = PBXFileReference; lastKnownFileType = image.png; path = turquoiseRose.png; sourceTree = "<group>"; };
		7C9A45F31A3184B30005B726 /* whiteAlstroemerias.png */ = {isa = PBXFileReference; lastKnownFileType = image.png; path = whiteAlstroemerias.png; sourceTree = "<group>"; };
		7C9A45F41A3184B30005B726 /* whiteCalla.png */ = {isa = PBXFileReference; lastKnownFileType = image.png; path = whiteCalla.png; sourceTree = "<group>"; };
		7C9A45F51A3184B30005B726 /* whiteDaisy.png */ = {isa = PBXFileReference; lastKnownFileType = image.png; path = whiteDaisy.png; sourceTree = "<group>"; };
		7C9A45F61A3184B30005B726 /* whiteDelphinium.png */ = {isa = PBXFileReference; lastKnownFileType = image.png; path = whiteDelphinium.png; sourceTree = "<group>"; };
		7C9A45F71A3184B30005B726 /* whiteHydrangea.png */ = {isa = PBXFileReference; lastKnownFileType = image.png; path = whiteHydrangea.png; sourceTree = "<group>"; };
		7C9A45F81A3184B30005B726 /* whiteLilies.png */ = {isa = PBXFileReference; lastKnownFileType = image.png; path = whiteLilies.png; sourceTree = "<group>"; };
		7C9A45F91A3184B30005B726 /* whiteOrchids.png */ = {isa = PBXFileReference; lastKnownFileType = image.png; path = whiteOrchids.png; sourceTree = "<group>"; };
		7C9A45FA1A3184B30005B726 /* whiteRose.png */ = {isa = PBXFileReference; lastKnownFileType = image.png; path = whiteRose.png; sourceTree = "<group>"; };
		7C9A45FB1A3184B30005B726 /* whiteSnapdragon.png */ = {isa = PBXFileReference; lastKnownFileType = image.png; path = whiteSnapdragon.png; sourceTree = "<group>"; };
		7C9A45FC1A3184B30005B726 /* yellowAlstroemerias.png */ = {isa = PBXFileReference; lastKnownFileType = image.png; path = yellowAlstroemerias.png; sourceTree = "<group>"; };
		7C9A45FD1A3184B30005B726 /* yellowCalla.png */ = {isa = PBXFileReference; lastKnownFileType = image.png; path = yellowCalla.png; sourceTree = "<group>"; };
		7C9A45FE1A3184B30005B726 /* yellowLilies.png */ = {isa = PBXFileReference; lastKnownFileType = image.png; path = yellowLilies.png; sourceTree = "<group>"; };
		7C9A45FF1A3184B30005B726 /* yellowMum.png */ = {isa = PBXFileReference; lastKnownFileType = image.png; path = yellowMum.png; sourceTree = "<group>"; };
		7C9A46001A3184B30005B726 /* yellowOrchids.png */ = {isa = PBXFileReference; lastKnownFileType = image.png; path = yellowOrchids.png; sourceTree = "<group>"; };
		7C9A46011A3184B30005B726 /* yellowRose.png */ = {isa = PBXFileReference; lastKnownFileType = image.png; path = yellowRose.png; sourceTree = "<group>"; };
		7C9A46021A3184B30005B726 /* yellowSnapdragon.png */ = {isa = PBXFileReference; lastKnownFileType = image.png; path = yellowSnapdragon.png; sourceTree = "<group>"; };
		7C9A46031A3184B30005B726 /* yellowSunflower.png */ = {isa = PBXFileReference; lastKnownFileType = image.png; path = yellowSunflower.png; sourceTree = "<group>"; };
		7CAD1C921A24112B00AF3F55 /* Flower.h */ = {isa = PBXFileReference; fileEncoding = 4; lastKnownFileType = sourcecode.c.h; path = Flower.h; sourceTree = "<group>"; tabWidth = 5; };
		7CAD1C931A24112B00AF3F55 /* Flower.m */ = {isa = PBXFileReference; fileEncoding = 4; lastKnownFileType = sourcecode.c.objc; path = Flower.m; sourceTree = "<group>"; };
		7CB5FA4D1A1450D000F6C0FD /* FlowerPicker.app */ = {isa = PBXFileReference; explicitFileType = wrapper.application; includeInIndex = 0; path = FlowerPicker.app; sourceTree = BUILT_PRODUCTS_DIR; };
		7CB5FA511A1450D000F6C0FD /* Info.plist */ = {isa = PBXFileReference; lastKnownFileType = text.plist.xml; path = Info.plist; sourceTree = "<group>"; };
		7CB5FA521A1450D000F6C0FD /* main.m */ = {isa = PBXFileReference; lastKnownFileType = sourcecode.c.objc; path = main.m; sourceTree = "<group>"; };
		7CB5FA541A1450D000F6C0FD /* AppDelegate.h */ = {isa = PBXFileReference; lastKnownFileType = sourcecode.c.h; path = AppDelegate.h; sourceTree = "<group>"; };
		7CB5FA551A1450D000F6C0FD /* AppDelegate.m */ = {isa = PBXFileReference; lastKnownFileType = sourcecode.c.objc; path = AppDelegate.m; sourceTree = "<group>"; };
		7CB5FA581A1450D000F6C0FD /* FlowerPicker.xcdatamodel */ = {isa = PBXFileReference; lastKnownFileType = wrapper.xcdatamodel; path = FlowerPicker.xcdatamodel; sourceTree = "<group>"; };
		7CB5FA5E1A1450D000F6C0FD /* Base */ = {isa = PBXFileReference; lastKnownFileType = file.storyboard; name = Base; path = Base.lproj/Main.storyboard; sourceTree = "<group>"; };
		7CB5FA601A1450D000F6C0FD /* Images.xcassets */ = {isa = PBXFileReference; lastKnownFileType = folder.assetcatalog; path = Images.xcassets; sourceTree = "<group>"; };
		7CB5FA631A1450D000F6C0FD /* Base */ = {isa = PBXFileReference; lastKnownFileType = file.xib; name = Base; path = Base.lproj/LaunchScreen.xib; sourceTree = "<group>"; };
		7CB5FA691A1450D100F6C0FD /* FlowerPickerTests.xctest */ = {isa = PBXFileReference; explicitFileType = wrapper.cfbundle; includeInIndex = 0; path = FlowerPickerTests.xctest; sourceTree = BUILT_PRODUCTS_DIR; };
		7CB5FA6E1A1450D100F6C0FD /* Info.plist */ = {isa = PBXFileReference; lastKnownFileType = text.plist.xml; path = Info.plist; sourceTree = "<group>"; };
		7CB5FA6F1A1450D100F6C0FD /* FlowerPickerTests.m */ = {isa = PBXFileReference; lastKnownFileType = sourcecode.c.objc; path = FlowerPickerTests.m; sourceTree = "<group>"; };
		7CB831111A31BBBA00907733 /* fall-disabled.png */ = {isa = PBXFileReference; lastKnownFileType = image.png; path = "fall-disabled.png"; sourceTree = "<group>"; };
		7CB831121A31BBBA00907733 /* fall.png */ = {isa = PBXFileReference; lastKnownFileType = image.png; path = fall.png; sourceTree = "<group>"; };
		7CB831131A31BBBA00907733 /* spring-disabled.png */ = {isa = PBXFileReference; lastKnownFileType = image.png; path = "spring-disabled.png"; sourceTree = "<group>"; };
		7CB831141A31BBBA00907733 /* spring.png */ = {isa = PBXFileReference; lastKnownFileType = image.png; path = spring.png; sourceTree = "<group>"; };
		7CB831151A31BBBA00907733 /* summer-disabled.png */ = {isa = PBXFileReference; lastKnownFileType = image.png; path = "summer-disabled.png"; sourceTree = "<group>"; };
		7CB831161A31BBBA00907733 /* summer.png */ = {isa = PBXFileReference; lastKnownFileType = image.png; path = summer.png; sourceTree = "<group>"; };
		7CB831171A31BBBA00907733 /* winter-disabled.png */ = {isa = PBXFileReference; lastKnownFileType = image.png; path = "winter-disabled.png"; sourceTree = "<group>"; };
		7CB831181A31BBBA00907733 /* winter.png */ = {isa = PBXFileReference; lastKnownFileType = image.png; path = winter.png; sourceTree = "<group>"; };
		7CB831211A31BD9900907733 /* blue.png */ = {isa = PBXFileReference; lastKnownFileType = image.png; path = blue.png; sourceTree = "<group>"; };
		7CB831221A31BD9900907733 /* brown.png */ = {isa = PBXFileReference; lastKnownFileType = image.png; path = brown.png; sourceTree = "<group>"; };
		7CB831231A31BD9900907733 /* green.png */ = {isa = PBXFileReference; lastKnownFileType = image.png; path = green.png; sourceTree = "<group>"; };
		7CB831241A31BD9900907733 /* orange.png */ = {isa = PBXFileReference; lastKnownFileType = image.png; path = orange.png; sourceTree = "<group>"; };
		7CB831251A31BD9900907733 /* pink.png */ = {isa = PBXFileReference; lastKnownFileType = image.png; path = pink.png; sourceTree = "<group>"; };
		7CB831261A31BD9900907733 /* purple.png */ = {isa = PBXFileReference; lastKnownFileType = image.png; path = purple.png; sourceTree = "<group>"; };
		7CB831271A31BD9900907733 /* red.png */ = {isa = PBXFileReference; lastKnownFileType = image.png; path = red.png; sourceTree = "<group>"; };
		7CB831281A31BD9900907733 /* turquoise.png */ = {isa = PBXFileReference; lastKnownFileType = image.png; path = turquoise.png; sourceTree = "<group>"; };
		7CB831291A31BD9900907733 /* white.png */ = {isa = PBXFileReference; lastKnownFileType = image.png; path = white.png; sourceTree = "<group>"; };
		7CB8312A1A31BD9900907733 /* yellow.png */ = {isa = PBXFileReference; lastKnownFileType = image.png; path = yellow.png; sourceTree = "<group>"; };
		7CB8313B1A31C5BD00907733 /* yellow-disabled.png */ = {isa = PBXFileReference; lastKnownFileType = image.png; path = "yellow-disabled.png"; sourceTree = "<group>"; };
		7CB8313C1A31C5BD00907733 /* white-disabled.png */ = {isa = PBXFileReference; lastKnownFileType = image.png; path = "white-disabled.png"; sourceTree = "<group>"; };
		7CB8313D1A31C5BD00907733 /* turquoise-disabled.png */ = {isa = PBXFileReference; lastKnownFileType = image.png; path = "turquoise-disabled.png"; sourceTree = "<group>"; };
		7CB8313E1A31C5BD00907733 /* red-disabled.png */ = {isa = PBXFileReference; lastKnownFileType = image.png; path = "red-disabled.png"; sourceTree = "<group>"; };
		7CB8313F1A31C5BD00907733 /* purple-disabled.png */ = {isa = PBXFileReference; lastKnownFileType = image.png; path = "purple-disabled.png"; sourceTree = "<group>"; };
		7CB831401A31C5BD00907733 /* pink-disabled.png */ = {isa = PBXFileReference; lastKnownFileType = image.png; path = "pink-disabled.png"; sourceTree = "<group>"; };
		7CB831411A31C5BD00907733 /* orange-disabled.png */ = {isa = PBXFileReference; lastKnownFileType = image.png; path = "orange-disabled.png"; sourceTree = "<group>"; };
		7CB831421A31C5BD00907733 /* green-disabled.png */ = {isa = PBXFileReference; lastKnownFileType = image.png; path = "green-disabled.png"; sourceTree = "<group>"; };
		7CB831431A31C5BD00907733 /* brown-disabled.png */ = {isa = PBXFileReference; lastKnownFileType = image.png; path = "brown-disabled.png"; sourceTree = "<group>"; };
		7CB831441A31C5BD00907733 /* blue-disabled.png */ = {isa = PBXFileReference; lastKnownFileType = image.png; path = "blue-disabled.png"; sourceTree = "<group>"; };
		7CE5DDCE1A2FF44700555DA4 /* green_check.png */ = {isa = PBXFileReference; lastKnownFileType = image.png; path = green_check.png; sourceTree = "<group>"; };
		C321FCAD1A1C5EF8006FF9FE /* Contents.json */ = {isa = PBXFileReference; fileEncoding = 4; lastKnownFileType = text.json; path = Contents.json; sourceTree = "<group>"; };
		D77C42C01A279BD8004E11FA /* FlowerInfoCell.h */ = {isa = PBXFileReference; fileEncoding = 4; lastKnownFileType = sourcecode.c.h; path = FlowerInfoCell.h; sourceTree = "<group>"; };
		D77C42C11A279BD8004E11FA /* FlowerInfoCell.m */ = {isa = PBXFileReference; fileEncoding = 4; lastKnownFileType = sourcecode.c.objc; path = FlowerInfoCell.m; sourceTree = "<group>"; };
		E149DD821A2FBFA5000F2097 /* shop-7.png */ = {isa = PBXFileReference; lastKnownFileType = image.png; name = "shop-7.png"; path = "../shop-7.png"; sourceTree = "<group>"; };
		E149DD841A2FBFE3000F2097 /* search-7.png */ = {isa = PBXFileReference; lastKnownFileType = image.png; name = "search-7.png"; path = "../search-7.png"; sourceTree = "<group>"; };
		E149DD881A2FC075000F2097 /* plant-element-7.png */ = {isa = PBXFileReference; lastKnownFileType = image.png; name = "plant-element-7.png"; path = "../plant-element-7.png"; sourceTree = "<group>"; };
		E149DD8C1A2FC0A9000F2097 /* character-a-7.png */ = {isa = PBXFileReference; lastKnownFileType = image.png; name = "character-a-7.png"; path = "../character-a-7.png"; sourceTree = "<group>"; };
		E149DD8E1A2FC116000F2097 /* list-simple-7.png */ = {isa = PBXFileReference; lastKnownFileType = image.png; name = "list-simple-7.png"; path = "../list-simple-7.png"; sourceTree = "<group>"; };
		E15F2EDF1A33885600CE1F43 /* AboutPageAlstroemeria.jpg */ = {isa = PBXFileReference; lastKnownFileType = image.jpeg; path = AboutPageAlstroemeria.jpg; sourceTree = "<group>"; };
		E15F2EE01A33885600CE1F43 /* AboutPageRose.jpeg */ = {isa = PBXFileReference; lastKnownFileType = image.jpeg; path = AboutPageRose.jpeg; sourceTree = "<group>"; };
		E15F2EE11A33885600CE1F43 /* Calla.jpg */ = {isa = PBXFileReference; lastKnownFileType = image.jpeg; path = Calla.jpg; sourceTree = "<group>"; };
		E15F2EE21A33885600CE1F43 /* Daisy.jpg */ = {isa = PBXFileReference; lastKnownFileType = image.jpeg; path = Daisy.jpg; sourceTree = "<group>"; };
		E15F2EE31A33885600CE1F43 /* delphiniumpaganpurple.jpg */ = {isa = PBXFileReference; lastKnownFileType = image.jpeg; path = delphiniumpaganpurple.jpg; sourceTree = "<group>"; };
		E15F2EE41A33885600CE1F43 /* Hydrangeas.jpg */ = {isa = PBXFileReference; lastKnownFileType = image.jpeg; path = Hydrangeas.jpg; sourceTree = "<group>"; };
		E15F2EE51A33885600CE1F43 /* Lilies.jpg */ = {isa = PBXFileReference; lastKnownFileType = image.jpeg; path = Lilies.jpg; sourceTree = "<group>"; };
		E15F2EE61A33885600CE1F43 /* Mum.jpg */ = {isa = PBXFileReference; lastKnownFileType = image.jpeg; path = Mum.jpg; sourceTree = "<group>"; };
		E15F2EE71A33885600CE1F43 /* Orchids.jpg */ = {isa = PBXFileReference; lastKnownFileType = image.jpeg; path = Orchids.jpg; sourceTree = "<group>"; };
		E15F2EE81A33885600CE1F43 /* iris.png */ = {isa = PBXFileReference; lastKnownFileType = image.png; path = iris.png; sourceTree = "<group>"; };
		E15F2EE91A33885600CE1F43 /* Snapdragons.jpg */ = {isa = PBXFileReference; lastKnownFileType = image.jpeg; path = Snapdragons.jpg; sourceTree = "<group>"; };
		E15F2EEA1A33885600CE1F43 /* Sunflowers.jpg */ = {isa = PBXFileReference; lastKnownFileType = image.jpeg; path = Sunflowers.jpg; sourceTree = "<group>"; };
		E15F2EF71A338F8000CE1F43 /* blueOrchids.jpg */ = {isa = PBXFileReference; lastKnownFileType = image.jpeg; path = blueOrchids.jpg; sourceTree = "<group>"; };
		E15F2EF81A338F8000CE1F43 /* pinkMum.jpeg */ = {isa = PBXFileReference; lastKnownFileType = image.jpeg; path = pinkMum.jpeg; sourceTree = "<group>"; };
		E15F2EF91A338F8000CE1F43 /* purpleSnapdragon.jpeg */ = {isa = PBXFileReference; lastKnownFileType = image.jpeg; path = purpleSnapdragon.jpeg; sourceTree = "<group>"; };
		E15F2EFE1A33955A00CE1F43 /* sun.png */ = {isa = PBXFileReference; lastKnownFileType = image.png; path = sun.png; sourceTree = "<group>"; };
		E15F2F001A33956900CE1F43 /* launchImage3.png */ = {isa = PBXFileReference; lastKnownFileType = image.png; path = launchImage3.png; sourceTree = "<group>"; };
		E1CD05A41A1DB13B003B8C77 /* AboutsPageViewController.h */ = {isa = PBXFileReference; fileEncoding = 4; lastKnownFileType = sourcecode.c.h; path = AboutsPageViewController.h; sourceTree = "<group>"; };
		E1CD05A51A1DB13B003B8C77 /* AboutsPageViewController.m */ = {isa = PBXFileReference; fileEncoding = 4; lastKnownFileType = sourcecode.c.objc; path = AboutsPageViewController.m; sourceTree = "<group>"; };
		E1CD05A71A1DB159003B8C77 /* FloristsWebViewController.h */ = {isa = PBXFileReference; fileEncoding = 4; lastKnownFileType = sourcecode.c.h; path = FloristsWebViewController.h; sourceTree = "<group>"; };
		E1CD05A81A1DB159003B8C77 /* FloristsWebViewController.m */ = {isa = PBXFileReference; fileEncoding = 4; lastKnownFileType = sourcecode.c.objc; path = FloristsWebViewController.m; sourceTree = "<group>"; };
		E1CD05AA1A1DB16E003B8C77 /* FlowerDetailsViewController.h */ = {isa = PBXFileReference; fileEncoding = 4; lastKnownFileType = sourcecode.c.h; path = FlowerDetailsViewController.h; sourceTree = "<group>"; };
		E1CD05AB1A1DB16E003B8C77 /* FlowerDetailsViewController.m */ = {isa = PBXFileReference; fileEncoding = 4; lastKnownFileType = sourcecode.c.objc; path = FlowerDetailsViewController.m; sourceTree = "<group>"; };
		E1CD05AD1A1DB19F003B8C77 /* ListsTableViewController.h */ = {isa = PBXFileReference; fileEncoding = 4; lastKnownFileType = sourcecode.c.h; path = ListsTableViewController.h; sourceTree = "<group>"; };
		E1CD05AE1A1DB19F003B8C77 /* ListsTableViewController.m */ = {isa = PBXFileReference; fileEncoding = 4; lastKnownFileType = sourcecode.c.objc; path = ListsTableViewController.m; sourceTree = "<group>"; };
		E1CD05B01A1DB1D9003B8C77 /* SearchTableViewController.h */ = {isa = PBXFileReference; fileEncoding = 4; lastKnownFileType = sourcecode.c.h; path = SearchTableViewController.h; sourceTree = "<group>"; };
		E1CD05B11A1DB1D9003B8C77 /* SearchTableViewController.m */ = {isa = PBXFileReference; fileEncoding = 4; lastKnownFileType = sourcecode.c.objc; path = SearchTableViewController.m; sourceTree = "<group>"; };
		E1CD05B31A1DB1F5003B8C77 /* FloristsTableViewController.h */ = {isa = PBXFileReference; fileEncoding = 4; lastKnownFileType = sourcecode.c.h; path = FloristsTableViewController.h; sourceTree = "<group>"; };
		E1CD05B41A1DB1F5003B8C77 /* FloristsTableViewController.m */ = {isa = PBXFileReference; fileEncoding = 4; lastKnownFileType = sourcecode.c.objc; path = FloristsTableViewController.m; sourceTree = "<group>"; };
		E1CD05B61A1DB218003B8C77 /* ColorPickerViewController.h */ = {isa = PBXFileReference; fileEncoding = 4; lastKnownFileType = sourcecode.c.h; path = ColorPickerViewController.h; sourceTree = "<group>"; };
		E1CD05B71A1DB218003B8C77 /* ColorPickerViewController.m */ = {isa = PBXFileReference; fileEncoding = 4; lastKnownFileType = sourcecode.c.objc; path = ColorPickerViewController.m; sourceTree = "<group>"; };
/* End PBXFileReference section */

/* Begin PBXFrameworksBuildPhase section */
		7CB5FA4A1A1450D000F6C0FD /* Frameworks */ = {
			isa = PBXFrameworksBuildPhase;
			buildActionMask = 2147483647;
			files = (
				7C9283041A33856E007ADA2E /* UIKit.framework in Frameworks */,
				7C9283021A338567007ADA2E /* CoreLocation.framework in Frameworks */,
				7C9283001A338523007ADA2E /* MapKit.framework in Frameworks */,
			);
			runOnlyForDeploymentPostprocessing = 0;
		};
		7CB5FA661A1450D100F6C0FD /* Frameworks */ = {
			isa = PBXFrameworksBuildPhase;
			buildActionMask = 2147483647;
			files = (
			);
			runOnlyForDeploymentPostprocessing = 0;
		};
/* End PBXFrameworksBuildPhase section */

/* Begin PBXGroup section */
		7C9A45BD1A31849D0005B726 /* flower */ = {
			isa = PBXGroup;
			children = (
				E15F2EF71A338F8000CE1F43 /* blueOrchids.jpg */,
				E15F2EF81A338F8000CE1F43 /* pinkMum.jpeg */,
				E15F2EF91A338F8000CE1F43 /* purpleSnapdragon.jpeg */,
				7C9A45BE1A3184B30005B726 /* blueDelphinium.png */,
				7C9A45BF1A3184B30005B726 /* blueHydrangea.png */,
				7C9A45C01A3184B30005B726 /* blueIris.png */,
				7C9A45C11A3184B30005B726 /* blueMum.png */,
				7C9A45C21A3184B30005B726 /* blueRose.png */,
				7C9A45C31A3184B30005B726 /* brownCalla.png */,
				7C9A45C41A3184B30005B726 /* brownDaisy.png */,
				7C9A45C51A3184B30005B726 /* brownHydrangea.png */,
				7C9A45C61A3184B30005B726 /* brownOrchids.png */,
				7C9A45C71A3184B30005B726 /* brownRose.png */,
				7C9A45C81A3184B30005B726 /* brownSunflower.png */,
				7C9A45C91A3184B30005B726 /* greenAlstroemerias.png */,
				7C9A45CA1A3184B30005B726 /* greenCalla.png */,
				7C9A45CB1A3184B30005B726 /* greenHydrangea.png */,
				7C9A45CC1A3184B30005B726 /* greenLilies.png */,
				7C9A45CD1A3184B30005B726 /* greenMum.png */,
				7C9A45CE1A3184B30005B726 /* greenOrchids.png */,
				7C9A45CF1A3184B30005B726 /* greenRose.png */,
				7C9A45D01A3184B30005B726 /* orangeAlstroemerias.png */,
				7C9A45D11A3184B30005B726 /* orangeCalla.png */,
				7C9A45D21A3184B30005B726 /* orangeDaisy.png */,
				7C9A45D31A3184B30005B726 /* orangelily.png */,
				7C9A45D41A3184B30005B726 /* orangeRose.png */,
				7C9A45D51A3184B30005B726 /* orangeSnapdragon.png */,
				7C9A45D61A3184B30005B726 /* orangeSunflower.png */,
				7C9A45D71A3184B30005B726 /* pinkAlstroemerias.png */,
				7C9A45D81A3184B30005B726 /* pinkCalla.png */,
				7C9A45D91A3184B30005B726 /* pinkDaisy.png */,
				7C9A45DA1A3184B30005B726 /* pinkHydrangea.png */,
				7C9A45DB1A3184B30005B726 /* pinkLilies.png */,
				7C9A45DC1A3184B30005B726 /* pinkOrchids.png */,
				7C9A45DD1A3184B30005B726 /* pinkRose.png */,
				7C9A45DE1A3184B30005B726 /* pinkSnapdragon.png */,
				7C9A45DF1A3184B30005B726 /* purpleAlstroemerias.png */,
				7C9A45E01A3184B30005B726 /* purpleCalla.png */,
				7C9A45E11A3184B30005B726 /* purpleDaisy.png */,
				7C9A45E21A3184B30005B726 /* purpleHydrangea.png */,
				7C9A45E31A3184B30005B726 /* purpleIris.png */,
				7C9A45E41A3184B30005B726 /* purpleOrchids.png */,
				7C9A45E51A3184B30005B726 /* purpleRose.png */,
				7C9A45E61A3184B30005B726 /* redAlstroemerias.png */,
				7C9A45E71A3184B30005B726 /* redCalla.png */,
				7C9A45E81A3184B30005B726 /* redDaisy.png */,
				7C9A45E91A3184B30005B726 /* redLilies.png */,
				7C9A45EA1A3184B30005B726 /* redOrchids.png */,
				7C9A45EB1A3184B30005B726 /* redRose.png */,
				7C9A45EC1A3184B30005B726 /* redSnapdragon.png */,
				7C9A45ED1A3184B30005B726 /* redSunflower.png */,
				7C9A45EE1A3184B30005B726 /* turquoiseDaisy.png */,
				7C9A45EF1A3184B30005B726 /* turquoiseHydrangea.png */,
				7C9A45F01A3184B30005B726 /* turquoiseMum.png */,
				7C9A45F11A3184B30005B726 /* turquoiseOrchid.png */,
				7C9A45F21A3184B30005B726 /* turquoiseRose.png */,
				7C9A45F31A3184B30005B726 /* whiteAlstroemerias.png */,
				7C9A45F41A3184B30005B726 /* whiteCalla.png */,
				7C9A45F51A3184B30005B726 /* whiteDaisy.png */,
				7C9A45F61A3184B30005B726 /* whiteDelphinium.png */,
				7C9A45F71A3184B30005B726 /* whiteHydrangea.png */,
				7C9A45F81A3184B30005B726 /* whiteLilies.png */,
				7C9A45F91A3184B30005B726 /* whiteOrchids.png */,
				7C9A45FA1A3184B30005B726 /* whiteRose.png */,
				7C9A45FB1A3184B30005B726 /* whiteSnapdragon.png */,
				7C9A45FC1A3184B30005B726 /* yellowAlstroemerias.png */,
				7C9A45FD1A3184B30005B726 /* yellowCalla.png */,
				7C9A45FE1A3184B30005B726 /* yellowLilies.png */,
				7C9A45FF1A3184B30005B726 /* yellowMum.png */,
				7C9A46001A3184B30005B726 /* yellowOrchids.png */,
				7C9A46011A3184B30005B726 /* yellowRose.png */,
				7C9A46021A3184B30005B726 /* yellowSnapdragon.png */,
				7C9A46031A3184B30005B726 /* yellowSunflower.png */,
			);
			name = flower;
			sourceTree = "<group>";
		};
		7CAD1C011A2410CA00AF3F55 /* images */ = {
			isa = PBXGroup;
			children = (
				E15F2EFD1A33954900CE1F43 /* launchImages */,
				E15F2EDE1A33883B00CE1F43 /* aboutPageImages */,
				E149DD901A2FC1F3000F2097 /* tabBarIcons */,
				7C9A45BD1A31849D0005B726 /* flower */,
				7CE5DDCB1A2FF40E00555DA4 /* icons */,
			);
			path = images;
			sourceTree = "<group>";
		};
		7CB5FA441A1450D000F6C0FD = {
			isa = PBXGroup;
			children = (
				7C9283031A33856E007ADA2E /* UIKit.framework */,
				7C9283011A338567007ADA2E /* CoreLocation.framework */,
				7C9282FF1A338523007ADA2E /* MapKit.framework */,
				7CB5FA4F1A1450D000F6C0FD /* FlowerPicker */,
				7CB5FA6C1A1450D100F6C0FD /* FlowerPickerTests */,
				7CB5FA4E1A1450D000F6C0FD /* Products */,
			);
			sourceTree = "<group>";
		};
		7CB5FA4E1A1450D000F6C0FD /* Products */ = {
			isa = PBXGroup;
			children = (
				7CB5FA4D1A1450D000F6C0FD /* FlowerPicker.app */,
				7CB5FA691A1450D100F6C0FD /* FlowerPickerTests.xctest */,
			);
			name = Products;
			sourceTree = "<group>";
		};
		7CB5FA4F1A1450D000F6C0FD /* FlowerPicker */ = {
			isa = PBXGroup;
			children = (
				7C3A52981A2AB5C000C83CD4 /* ColorTracker.h */,
				7C3A52991A2AB5C000C83CD4 /* ColorTracker.m */,
				7CAD1C921A24112B00AF3F55 /* Flower.h */,
				7CAD1C931A24112B00AF3F55 /* Flower.m */,
				7C10A8001A2D67EE005195BA /* FlowerContainer.h */,
				7C10A8011A2D67EE005195BA /* FlowerContainer.m */,
				D77C42C01A279BD8004E11FA /* FlowerInfoCell.h */,
				D77C42C11A279BD8004E11FA /* FlowerInfoCell.m */,
				7CAD1C011A2410CA00AF3F55 /* images */,
				7CB5FA541A1450D000F6C0FD /* AppDelegate.h */,
				7CB5FA551A1450D000F6C0FD /* AppDelegate.m */,
				7CB5FA5D1A1450D000F6C0FD /* Main.storyboard */,
				7C6560401A1AF6CB00EF6AAE /* flowerData.plist */,
				C321FCAC1A1C5EF8006FF9FE /* AppIcon.appiconset */,
				7CB5FA621A1450D000F6C0FD /* LaunchScreen.xib */,
				7CB5FA571A1450D000F6C0FD /* FlowerPicker.xcdatamodeld */,
				7CB5FA601A1450D000F6C0FD /* Images.xcassets */,
				E1CD05B61A1DB218003B8C77 /* ColorPickerViewController.h */,
				E1CD05B71A1DB218003B8C77 /* ColorPickerViewController.m */,
				E1CD05AD1A1DB19F003B8C77 /* ListsTableViewController.h */,
				E1CD05AE1A1DB19F003B8C77 /* ListsTableViewController.m */,
				E1CD05B01A1DB1D9003B8C77 /* SearchTableViewController.h */,
				E1CD05B11A1DB1D9003B8C77 /* SearchTableViewController.m */,
				E1CD05B31A1DB1F5003B8C77 /* FloristsTableViewController.h */,
				E1CD05B41A1DB1F5003B8C77 /* FloristsTableViewController.m */,
				E1CD05A41A1DB13B003B8C77 /* AboutsPageViewController.h */,
				E1CD05A51A1DB13B003B8C77 /* AboutsPageViewController.m */,
				E1CD05AA1A1DB16E003B8C77 /* FlowerDetailsViewController.h */,
				E1CD05AB1A1DB16E003B8C77 /* FlowerDetailsViewController.m */,
				E1CD05A71A1DB159003B8C77 /* FloristsWebViewController.h */,
				E1CD05A81A1DB159003B8C77 /* FloristsWebViewController.m */,
				7CB5FA501A1450D000F6C0FD /* Supporting Files */,
			);
			path = FlowerPicker;
			sourceTree = "<group>";
		};
		7CB5FA501A1450D000F6C0FD /* Supporting Files */ = {
			isa = PBXGroup;
			children = (
				7CB5FA511A1450D000F6C0FD /* Info.plist */,
				7CB5FA521A1450D000F6C0FD /* main.m */,
			);
			name = "Supporting Files";
			sourceTree = "<group>";
		};
		7CB5FA6C1A1450D100F6C0FD /* FlowerPickerTests */ = {
			isa = PBXGroup;
			children = (
				7CB5FA6F1A1450D100F6C0FD /* FlowerPickerTests.m */,
				7CB5FA6D1A1450D100F6C0FD /* Supporting Files */,
			);
			path = FlowerPickerTests;
			sourceTree = "<group>";
		};
		7CB5FA6D1A1450D100F6C0FD /* Supporting Files */ = {
			isa = PBXGroup;
			children = (
				7CB5FA6E1A1450D100F6C0FD /* Info.plist */,
			);
			name = "Supporting Files";
			sourceTree = "<group>";
		};
		7CE5DDCB1A2FF40E00555DA4 /* icons */ = {
			isa = PBXGroup;
			children = (
				7CB8313B1A31C5BD00907733 /* yellow-disabled.png */,
				7CB8313C1A31C5BD00907733 /* white-disabled.png */,
				7CB8313D1A31C5BD00907733 /* turquoise-disabled.png */,
				7CB8313E1A31C5BD00907733 /* red-disabled.png */,
				7CB8313F1A31C5BD00907733 /* purple-disabled.png */,
				7CB831401A31C5BD00907733 /* pink-disabled.png */,
				7CB831411A31C5BD00907733 /* orange-disabled.png */,
				7CB831421A31C5BD00907733 /* green-disabled.png */,
				7CB831431A31C5BD00907733 /* brown-disabled.png */,
				7CB831441A31C5BD00907733 /* blue-disabled.png */,
				7CB831211A31BD9900907733 /* blue.png */,
				7CB831221A31BD9900907733 /* brown.png */,
				7CB831231A31BD9900907733 /* green.png */,
				7CB831241A31BD9900907733 /* orange.png */,
				7CB831251A31BD9900907733 /* pink.png */,
				7CB831261A31BD9900907733 /* purple.png */,
				7CB831271A31BD9900907733 /* red.png */,
				7CB831281A31BD9900907733 /* turquoise.png */,
				7CB831291A31BD9900907733 /* white.png */,
				7CB8312A1A31BD9900907733 /* yellow.png */,
				7CB831111A31BBBA00907733 /* fall-disabled.png */,
				7CB831121A31BBBA00907733 /* fall.png */,
				7CB831131A31BBBA00907733 /* spring-disabled.png */,
				7CB831141A31BBBA00907733 /* spring.png */,
				7CB831151A31BBBA00907733 /* summer-disabled.png */,
				7CB831161A31BBBA00907733 /* summer.png */,
				7CB831171A31BBBA00907733 /* winter-disabled.png */,
				7CB831181A31BBBA00907733 /* winter.png */,
				7CE5DDCE1A2FF44700555DA4 /* green_check.png */,
			);
			name = icons;
			sourceTree = "<group>";
		};
		C321FCAC1A1C5EF8006FF9FE /* AppIcon.appiconset */ = {
			isa = PBXGroup;
			children = (
				C321FCAD1A1C5EF8006FF9FE /* Contents.json */,
			);
			name = AppIcon.appiconset;
			path = Images.xcassets/AppIcon.appiconset;
			sourceTree = "<group>";
		};
		E149DD901A2FC1F3000F2097 /* tabBarIcons */ = {
			isa = PBXGroup;
			children = (
				E149DD8E1A2FC116000F2097 /* list-simple-7.png */,
				E149DD8C1A2FC0A9000F2097 /* character-a-7.png */,
				E149DD881A2FC075000F2097 /* plant-element-7.png */,
				E149DD841A2FBFE3000F2097 /* search-7.png */,
				E149DD821A2FBFA5000F2097 /* shop-7.png */,
			);
			name = tabBarIcons;
			sourceTree = "<group>";
		};
		E15F2EDE1A33883B00CE1F43 /* aboutPageImages */ = {
			isa = PBXGroup;
			children = (
				E15F2EDF1A33885600CE1F43 /* AboutPageAlstroemeria.jpg */,
				E15F2EE01A33885600CE1F43 /* AboutPageRose.jpeg */,
				E15F2EE11A33885600CE1F43 /* Calla.jpg */,
				E15F2EE21A33885600CE1F43 /* Daisy.jpg */,
				E15F2EE31A33885600CE1F43 /* delphiniumpaganpurple.jpg */,
				E15F2EE41A33885600CE1F43 /* Hydrangeas.jpg */,
				E15F2EE51A33885600CE1F43 /* Lilies.jpg */,
				E15F2EE61A33885600CE1F43 /* Mum.jpg */,
				E15F2EE71A33885600CE1F43 /* Orchids.jpg */,
				E15F2EE81A33885600CE1F43 /* iris.png */,
				E15F2EE91A33885600CE1F43 /* Snapdragons.jpg */,
				E15F2EEA1A33885600CE1F43 /* Sunflowers.jpg */,
			);
			name = aboutPageImages;
			sourceTree = "<group>";
		};
		E15F2EFD1A33954900CE1F43 /* launchImages */ = {
			isa = PBXGroup;
			children = (
				E15F2F001A33956900CE1F43 /* launchImage3.png */,
				E15F2EFE1A33955A00CE1F43 /* sun.png */,
			);
			name = launchImages;
			sourceTree = "<group>";
		};
/* End PBXGroup section */

/* Begin PBXNativeTarget section */
		7CB5FA4C1A1450D000F6C0FD /* FlowerPicker */ = {
			isa = PBXNativeTarget;
			buildConfigurationList = 7CB5FA731A1450D100F6C0FD /* Build configuration list for PBXNativeTarget "FlowerPicker" */;
			buildPhases = (
				7CB5FA491A1450D000F6C0FD /* Sources */,
				7CB5FA4A1A1450D000F6C0FD /* Frameworks */,
				7CB5FA4B1A1450D000F6C0FD /* Resources */,
			);
			buildRules = (
			);
			dependencies = (
			);
			name = FlowerPicker;
			productName = FlowerPicker;
			productReference = 7CB5FA4D1A1450D000F6C0FD /* FlowerPicker.app */;
			productType = "com.apple.product-type.application";
		};
		7CB5FA681A1450D100F6C0FD /* FlowerPickerTests */ = {
			isa = PBXNativeTarget;
			buildConfigurationList = 7CB5FA761A1450D100F6C0FD /* Build configuration list for PBXNativeTarget "FlowerPickerTests" */;
			buildPhases = (
				7CB5FA651A1450D100F6C0FD /* Sources */,
				7CB5FA661A1450D100F6C0FD /* Frameworks */,
				7CB5FA671A1450D100F6C0FD /* Resources */,
			);
			buildRules = (
			);
			dependencies = (
				7CB5FA6B1A1450D100F6C0FD /* PBXTargetDependency */,
			);
			name = FlowerPickerTests;
			productName = FlowerPickerTests;
			productReference = 7CB5FA691A1450D100F6C0FD /* FlowerPickerTests.xctest */;
			productType = "com.apple.product-type.bundle.unit-test";
		};
/* End PBXNativeTarget section */

/* Begin PBXProject section */
		7CB5FA451A1450D000F6C0FD /* Project object */ = {
			isa = PBXProject;
			attributes = {
				LastUpgradeCheck = 0610;
				ORGANIZATIONNAME = CDGL;
				TargetAttributes = {
					7CB5FA4C1A1450D000F6C0FD = {
						CreatedOnToolsVersion = 6.1;
						SystemCapabilities = {
							com.apple.Maps.iOS = {
								enabled = 1;
							};
						};
					};
					7CB5FA681A1450D100F6C0FD = {
						CreatedOnToolsVersion = 6.1;
						TestTargetID = 7CB5FA4C1A1450D000F6C0FD;
					};
				};
			};
			buildConfigurationList = 7CB5FA481A1450D000F6C0FD /* Build configuration list for PBXProject "FlowerPicker" */;
			compatibilityVersion = "Xcode 3.2";
			developmentRegion = English;
			hasScannedForEncodings = 0;
			knownRegions = (
				en,
				Base,
			);
			mainGroup = 7CB5FA441A1450D000F6C0FD;
			productRefGroup = 7CB5FA4E1A1450D000F6C0FD /* Products */;
			projectDirPath = "";
			projectRoot = "";
			targets = (
				7CB5FA4C1A1450D000F6C0FD /* FlowerPicker */,
				7CB5FA681A1450D100F6C0FD /* FlowerPickerTests */,
			);
		};
/* End PBXProject section */

/* Begin PBXResourcesBuildPhase section */
		7CB5FA4B1A1450D000F6C0FD /* Resources */ = {
			isa = PBXResourcesBuildPhase;
			buildActionMask = 2147483647;
			files = (
				7C9A463F1A3184B30005B726 /* whiteOrchids.png in Resources */,
				7CB831451A31C5BD00907733 /* yellow-disabled.png in Resources */,
				E15F2EEF1A33885600CE1F43 /* delphiniumpaganpurple.jpg in Resources */,
				7C9A46311A3184B30005B726 /* redRose.png in Resources */,
				7CB831461A31C5BD00907733 /* white-disabled.png in Resources */,
				C321FCAE1A1C5EF8006FF9FE /* Contents.json in Resources */,
				7C9A46481A3184B30005B726 /* yellowSnapdragon.png in Resources */,
				E15F2EFF1A33955A00CE1F43 /* sun.png in Resources */,
				7C9A46051A3184B30005B726 /* blueHydrangea.png in Resources */,
				E15F2EEC1A33885600CE1F43 /* AboutPageRose.jpeg in Resources */,
				7CB831471A31C5BD00907733 /* turquoise-disabled.png in Resources */,
				7C9A462A1A3184B30005B726 /* purpleOrchids.png in Resources */,
				7C9A46101A3184B30005B726 /* greenCalla.png in Resources */,
				7C9A46131A3184B30005B726 /* greenMum.png in Resources */,
				E15F2EFB1A338F8000CE1F43 /* pinkMum.jpeg in Resources */,
				E15F2EF61A33885600CE1F43 /* Sunflowers.jpg in Resources */,
				7CB8312C1A31BD9A00907733 /* brown.png in Resources */,
				7C9A46271A3184B30005B726 /* purpleDaisy.png in Resources */,
				E15F2F011A33956900CE1F43 /* launchImage3.png in Resources */,
				E15F2EFC1A338F8000CE1F43 /* purpleSnapdragon.jpeg in Resources */,
				7C9A460C1A3184B30005B726 /* brownOrchids.png in Resources */,
				7C9A461D1A3184B30005B726 /* pinkAlstroemerias.png in Resources */,
				7CB8314C1A31C5BD00907733 /* green-disabled.png in Resources */,
				7C9A46231A3184B30005B726 /* pinkRose.png in Resources */,
				7C9A462E1A3184B30005B726 /* redDaisy.png in Resources */,
				7C9A460E1A3184B30005B726 /* brownSunflower.png in Resources */,
				7CB8314E1A31C5BD00907733 /* blue-disabled.png in Resources */,
				7CB5FA5F1A1450D000F6C0FD /* Main.storyboard in Resources */,
				7CB5FA641A1450D000F6C0FD /* LaunchScreen.xib in Resources */,
				7C9A46261A3184B30005B726 /* purpleCalla.png in Resources */,
				7C9A46111A3184B30005B726 /* greenHydrangea.png in Resources */,
				7C9A46371A3184B30005B726 /* turquoiseOrchid.png in Resources */,
				7CB8312B1A31BD9A00907733 /* blue.png in Resources */,
				7C9A463D1A3184B30005B726 /* whiteHydrangea.png in Resources */,
				7C9A46361A3184B30005B726 /* turquoiseMum.png in Resources */,
				E149DD831A2FBFA5000F2097 /* shop-7.png in Resources */,
				7CB831481A31C5BD00907733 /* red-disabled.png in Resources */,
				7CB8312D1A31BD9A00907733 /* green.png in Resources */,
				7C9A46211A3184B30005B726 /* pinkLilies.png in Resources */,
				7C9A462C1A3184B30005B726 /* redAlstroemerias.png in Resources */,
				E15F2EF01A33885600CE1F43 /* Hydrangeas.jpg in Resources */,
				7C9A46451A3184B30005B726 /* yellowMum.png in Resources */,
				7C9A46431A3184B30005B726 /* yellowCalla.png in Resources */,
				7CB831331A31BD9A00907733 /* white.png in Resources */,
				7C9A460A1A3184B30005B726 /* brownDaisy.png in Resources */,
				7C9A46071A3184B30005B726 /* blueMum.png in Resources */,
				7CB8312F1A31BD9A00907733 /* pink.png in Resources */,
				7CB831311A31BD9A00907733 /* red.png in Resources */,
				E15F2EF51A33885600CE1F43 /* Snapdragons.jpg in Resources */,
				7C9A462B1A3184B30005B726 /* purpleRose.png in Resources */,
				7C9A46161A3184B30005B726 /* orangeAlstroemerias.png in Resources */,
				7C9A46151A3184B30005B726 /* greenRose.png in Resources */,
				7C9A46201A3184B30005B726 /* pinkHydrangea.png in Resources */,
				7C9A463A1A3184B30005B726 /* whiteCalla.png in Resources */,
				7C9A463B1A3184B30005B726 /* whiteDaisy.png in Resources */,
				E15F2EF11A33885600CE1F43 /* Lilies.jpg in Resources */,
				7C9A46221A3184B30005B726 /* pinkOrchids.png in Resources */,
				7C9A46441A3184B30005B726 /* yellowLilies.png in Resources */,
				7C9A46181A3184B30005B726 /* orangeDaisy.png in Resources */,
				7C9A46141A3184B30005B726 /* greenOrchids.png in Resources */,
				E15F2EFA1A338F8000CE1F43 /* blueOrchids.jpg in Resources */,
				7CE5DDCF1A2FF44700555DA4 /* green_check.png in Resources */,
				E15F2EEB1A33885600CE1F43 /* AboutPageAlstroemeria.jpg in Resources */,
				7CB8311B1A31BBBA00907733 /* spring-disabled.png in Resources */,
				7C9A461C1A3184B30005B726 /* orangeSunflower.png in Resources */,
				7CB8314B1A31C5BD00907733 /* orange-disabled.png in Resources */,
				E15F2EF21A33885600CE1F43 /* Mum.jpg in Resources */,
				7C9A46401A3184B30005B726 /* whiteRose.png in Resources */,
				7CB8311C1A31BBBA00907733 /* spring.png in Resources */,
				7C9A461F1A3184B30005B726 /* pinkDaisy.png in Resources */,
				7C9A46091A3184B30005B726 /* brownCalla.png in Resources */,
				7C9A46121A3184B30005B726 /* greenLilies.png in Resources */,
				7C9A46251A3184B30005B726 /* purpleAlstroemerias.png in Resources */,
				7C9A46061A3184B30005B726 /* blueIris.png in Resources */,
				7CB831301A31BD9A00907733 /* purple.png in Resources */,
				E149DD891A2FC075000F2097 /* plant-element-7.png in Resources */,
				7CB831191A31BBBA00907733 /* fall-disabled.png in Resources */,
				7C9A460D1A3184B30005B726 /* brownRose.png in Resources */,
				7C9A460B1A3184B30005B726 /* brownHydrangea.png in Resources */,
				7C9A46391A3184B30005B726 /* whiteAlstroemerias.png in Resources */,
				7C9A46301A3184B30005B726 /* redOrchids.png in Resources */,
				E15F2EF41A33885600CE1F43 /* iris.png in Resources */,
				7C9A46291A3184B30005B726 /* purpleIris.png in Resources */,
				7C9A46351A3184B30005B726 /* turquoiseHydrangea.png in Resources */,
				E149DD8F1A2FC116000F2097 /* list-simple-7.png in Resources */,
				7C9A46471A3184B30005B726 /* yellowRose.png in Resources */,
				7C9A46461A3184B30005B726 /* yellowOrchids.png in Resources */,
				7C9A46081A3184B30005B726 /* blueRose.png in Resources */,
				7CB5FA611A1450D000F6C0FD /* Images.xcassets in Resources */,
				7CB831491A31C5BD00907733 /* purple-disabled.png in Resources */,
				7C9A463E1A3184B30005B726 /* whiteLilies.png in Resources */,
				7C9A46411A3184B30005B726 /* whiteSnapdragon.png in Resources */,
				E149DD851A2FBFE3000F2097 /* search-7.png in Resources */,
				7C9A46171A3184B30005B726 /* orangeCalla.png in Resources */,
				7C9A46191A3184B30005B726 /* orangelily.png in Resources */,
				7CB8311F1A31BBBA00907733 /* winter-disabled.png in Resources */,
				7CB8314D1A31C5BD00907733 /* brown-disabled.png in Resources */,
				E15F2EF31A33885600CE1F43 /* Orchids.jpg in Resources */,
				7C9A462F1A3184B30005B726 /* redLilies.png in Resources */,
				7C9A461E1A3184B30005B726 /* pinkCalla.png in Resources */,
				7CB8314A1A31C5BD00907733 /* pink-disabled.png in Resources */,
				7CB831341A31BD9A00907733 /* yellow.png in Resources */,
				7C9A46041A3184B30005B726 /* blueDelphinium.png in Resources */,
				7C9A461A1A3184B30005B726 /* orangeRose.png in Resources */,
				7C9A461B1A3184B30005B726 /* orangeSnapdragon.png in Resources */,
				7CB8311D1A31BBBA00907733 /* summer-disabled.png in Resources */,
				7C9A46321A3184B30005B726 /* redSnapdragon.png in Resources */,
				7C9A460F1A3184B30005B726 /* greenAlstroemerias.png in Resources */,
				7C9A46381A3184B30005B726 /* turquoiseRose.png in Resources */,
				7C9A46421A3184B30005B726 /* yellowAlstroemerias.png in Resources */,
				7CB8311A1A31BBBA00907733 /* fall.png in Resources */,
				7CB8311E1A31BBBA00907733 /* summer.png in Resources */,
				7C9A46341A3184B30005B726 /* turquoiseDaisy.png in Resources */,
				7CB831321A31BD9A00907733 /* turquoise.png in Resources */,
				7C9A46241A3184B30005B726 /* pinkSnapdragon.png in Resources */,
				7CB831201A31BBBA00907733 /* winter.png in Resources */,
				7C9A46331A3184B30005B726 /* redSunflower.png in Resources */,
				7C9A463C1A3184B30005B726 /* whiteDelphinium.png in Resources */,
				7C9A46491A3184B30005B726 /* yellowSunflower.png in Resources */,
				7CB8312E1A31BD9A00907733 /* orange.png in Resources */,
				7C9A46281A3184B30005B726 /* purpleHydrangea.png in Resources */,
				7C9A462D1A3184B30005B726 /* redCalla.png in Resources */,
				E15F2EEE1A33885600CE1F43 /* Daisy.jpg in Resources */,
				E15F2EED1A33885600CE1F43 /* Calla.jpg in Resources */,
				7C6560411A1AF6CB00EF6AAE /* flowerData.plist in Resources */,
				E149DD8D1A2FC0A9000F2097 /* character-a-7.png in Resources */,
			);
			runOnlyForDeploymentPostprocessing = 0;
		};
		7CB5FA671A1450D100F6C0FD /* Resources */ = {
			isa = PBXResourcesBuildPhase;
			buildActionMask = 2147483647;
			files = (
			);
			runOnlyForDeploymentPostprocessing = 0;
		};
/* End PBXResourcesBuildPhase section */

/* Begin PBXSourcesBuildPhase section */
		7CB5FA491A1450D000F6C0FD /* Sources */ = {
			isa = PBXSourcesBuildPhase;
			buildActionMask = 2147483647;
			files = (
				7CB5FA591A1450D000F6C0FD /* FlowerPicker.xcdatamodeld in Sources */,
				E1CD05AF1A1DB19F003B8C77 /* ListsTableViewController.m in Sources */,
				7CB5FA561A1450D000F6C0FD /* AppDelegate.m in Sources */,
				E1CD05B21A1DB1D9003B8C77 /* SearchTableViewController.m in Sources */,
				7C3A529B1A2AB5C000C83CD4 /* ColorTracker.m in Sources */,
				E1CD05AC1A1DB16E003B8C77 /* FlowerDetailsViewController.m in Sources */,
				D77C42C21A279BD8004E11FA /* FlowerInfoCell.m in Sources */,
				E1CD05B51A1DB1F5003B8C77 /* FloristsTableViewController.m in Sources */,
				E1CD05B81A1DB218003B8C77 /* ColorPickerViewController.m in Sources */,
				7CAD1C941A24112B00AF3F55 /* Flower.m in Sources */,
				E1CD05A91A1DB159003B8C77 /* FloristsWebViewController.m in Sources */,
				7CB5FA531A1450D000F6C0FD /* main.m in Sources */,
				E1CD05A61A1DB13B003B8C77 /* AboutsPageViewController.m in Sources */,
				7C10A8021A2D67EE005195BA /* FlowerContainer.m in Sources */,
			);
			runOnlyForDeploymentPostprocessing = 0;
		};
		7CB5FA651A1450D100F6C0FD /* Sources */ = {
			isa = PBXSourcesBuildPhase;
			buildActionMask = 2147483647;
			files = (
				7CB5FA701A1450D100F6C0FD /* FlowerPickerTests.m in Sources */,
			);
			runOnlyForDeploymentPostprocessing = 0;
		};
/* End PBXSourcesBuildPhase section */

/* Begin PBXTargetDependency section */
		7CB5FA6B1A1450D100F6C0FD /* PBXTargetDependency */ = {
			isa = PBXTargetDependency;
			target = 7CB5FA4C1A1450D000F6C0FD /* FlowerPicker */;
			targetProxy = 7CB5FA6A1A1450D100F6C0FD /* PBXContainerItemProxy */;
		};
/* End PBXTargetDependency section */

/* Begin PBXVariantGroup section */
		7CB5FA5D1A1450D000F6C0FD /* Main.storyboard */ = {
			isa = PBXVariantGroup;
			children = (
				7CB5FA5E1A1450D000F6C0FD /* Base */,
			);
			name = Main.storyboard;
			sourceTree = "<group>";
		};
		7CB5FA621A1450D000F6C0FD /* LaunchScreen.xib */ = {
			isa = PBXVariantGroup;
			children = (
				7CB5FA631A1450D000F6C0FD /* Base */,
			);
			name = LaunchScreen.xib;
			sourceTree = "<group>";
		};
/* End PBXVariantGroup section */

/* Begin XCBuildConfiguration section */
		7CB5FA711A1450D100F6C0FD /* Debug */ = {
			isa = XCBuildConfiguration;
			buildSettings = {
				ALWAYS_SEARCH_USER_PATHS = NO;
				CLANG_CXX_LANGUAGE_STANDARD = "gnu++0x";
				CLANG_CXX_LIBRARY = "libc++";
				CLANG_ENABLE_MODULES = YES;
				CLANG_ENABLE_OBJC_ARC = YES;
				CLANG_WARN_BOOL_CONVERSION = YES;
				CLANG_WARN_CONSTANT_CONVERSION = YES;
				CLANG_WARN_DIRECT_OBJC_ISA_USAGE = YES_ERROR;
				CLANG_WARN_EMPTY_BODY = YES;
				CLANG_WARN_ENUM_CONVERSION = YES;
				CLANG_WARN_INT_CONVERSION = YES;
				CLANG_WARN_OBJC_ROOT_CLASS = YES_ERROR;
				CLANG_WARN_UNREACHABLE_CODE = YES;
				CLANG_WARN__DUPLICATE_METHOD_MATCH = YES;
				"CODE_SIGN_IDENTITY[sdk=iphoneos*]" = "iPhone Developer";
				COPY_PHASE_STRIP = NO;
				ENABLE_STRICT_OBJC_MSGSEND = YES;
				GCC_C_LANGUAGE_STANDARD = gnu99;
				GCC_DYNAMIC_NO_PIC = NO;
				GCC_OPTIMIZATION_LEVEL = 0;
				GCC_PREPROCESSOR_DEFINITIONS = (
					"DEBUG=1",
					"$(inherited)",
				);
				GCC_SYMBOLS_PRIVATE_EXTERN = NO;
				GCC_WARN_64_TO_32_BIT_CONVERSION = YES;
				GCC_WARN_ABOUT_RETURN_TYPE = YES_ERROR;
				GCC_WARN_UNDECLARED_SELECTOR = YES;
				GCC_WARN_UNINITIALIZED_AUTOS = YES_AGGRESSIVE;
				GCC_WARN_UNUSED_FUNCTION = YES;
				GCC_WARN_UNUSED_VARIABLE = YES;
				IPHONEOS_DEPLOYMENT_TARGET = 8.0;
				MTL_ENABLE_DEBUG_INFO = YES;
				ONLY_ACTIVE_ARCH = YES;
				SDKROOT = iphoneos;
			};
			name = Debug;
		};
		7CB5FA721A1450D100F6C0FD /* Release */ = {
			isa = XCBuildConfiguration;
			buildSettings = {
				ALWAYS_SEARCH_USER_PATHS = NO;
				CLANG_CXX_LANGUAGE_STANDARD = "gnu++0x";
				CLANG_CXX_LIBRARY = "libc++";
				CLANG_ENABLE_MODULES = YES;
				CLANG_ENABLE_OBJC_ARC = YES;
				CLANG_WARN_BOOL_CONVERSION = YES;
				CLANG_WARN_CONSTANT_CONVERSION = YES;
				CLANG_WARN_DIRECT_OBJC_ISA_USAGE = YES_ERROR;
				CLANG_WARN_EMPTY_BODY = YES;
				CLANG_WARN_ENUM_CONVERSION = YES;
				CLANG_WARN_INT_CONVERSION = YES;
				CLANG_WARN_OBJC_ROOT_CLASS = YES_ERROR;
				CLANG_WARN_UNREACHABLE_CODE = YES;
				CLANG_WARN__DUPLICATE_METHOD_MATCH = YES;
				"CODE_SIGN_IDENTITY[sdk=iphoneos*]" = "iPhone Developer";
				COPY_PHASE_STRIP = YES;
				ENABLE_NS_ASSERTIONS = NO;
				ENABLE_STRICT_OBJC_MSGSEND = YES;
				GCC_C_LANGUAGE_STANDARD = gnu99;
				GCC_WARN_64_TO_32_BIT_CONVERSION = YES;
				GCC_WARN_ABOUT_RETURN_TYPE = YES_ERROR;
				GCC_WARN_UNDECLARED_SELECTOR = YES;
				GCC_WARN_UNINITIALIZED_AUTOS = YES_AGGRESSIVE;
				GCC_WARN_UNUSED_FUNCTION = YES;
				GCC_WARN_UNUSED_VARIABLE = YES;
				IPHONEOS_DEPLOYMENT_TARGET = 8.0;
				MTL_ENABLE_DEBUG_INFO = NO;
				SDKROOT = iphoneos;
				VALIDATE_PRODUCT = YES;
			};
			name = Release;
		};
		7CB5FA741A1450D100F6C0FD /* Debug */ = {
			isa = XCBuildConfiguration;
			buildSettings = {
				ASSETCATALOG_COMPILER_APPICON_NAME = AppIcon;
				CLANG_ENABLE_MODULES = YES;
				CODE_SIGN_IDENTITY = "iPhone Developer";
				INFOPLIST_FILE = FlowerPicker/Info.plist;
				LD_RUNPATH_SEARCH_PATHS = "$(inherited) @executable_path/Frameworks";
				PRODUCT_NAME = "$(TARGET_NAME)";
				SWIFT_OPTIMIZATION_LEVEL = "-Onone";
				TARGETED_DEVICE_FAMILY = 1;
			};
			name = Debug;
		};
		7CB5FA751A1450D100F6C0FD /* Release */ = {
			isa = XCBuildConfiguration;
			buildSettings = {
				ASSETCATALOG_COMPILER_APPICON_NAME = AppIcon;
				CLANG_ENABLE_MODULES = YES;
				CODE_SIGN_IDENTITY = "iPhone Developer";
				INFOPLIST_FILE = FlowerPicker/Info.plist;
				LD_RUNPATH_SEARCH_PATHS = "$(inherited) @executable_path/Frameworks";
				PRODUCT_NAME = "$(TARGET_NAME)";
				TARGETED_DEVICE_FAMILY = 1;
			};
			name = Release;
		};
		7CB5FA771A1450D100F6C0FD /* Debug */ = {
			isa = XCBuildConfiguration;
			buildSettings = {
				BUNDLE_LOADER = "$(TEST_HOST)";
				FRAMEWORK_SEARCH_PATHS = (
					"$(SDKROOT)/Developer/Library/Frameworks",
					"$(inherited)",
				);
				GCC_PREPROCESSOR_DEFINITIONS = (
					"DEBUG=1",
					"$(inherited)",
				);
				INFOPLIST_FILE = FlowerPickerTests/Info.plist;
				LD_RUNPATH_SEARCH_PATHS = "$(inherited) @executable_path/Frameworks @loader_path/Frameworks";
				PRODUCT_NAME = "$(TARGET_NAME)";
				TEST_HOST = "$(BUILT_PRODUCTS_DIR)/FlowerPicker.app/FlowerPicker";
			};
			name = Debug;
		};
		7CB5FA781A1450D100F6C0FD /* Release */ = {
			isa = XCBuildConfiguration;
			buildSettings = {
				BUNDLE_LOADER = "$(TEST_HOST)";
				FRAMEWORK_SEARCH_PATHS = (
					"$(SDKROOT)/Developer/Library/Frameworks",
					"$(inherited)",
				);
				INFOPLIST_FILE = FlowerPickerTests/Info.plist;
				LD_RUNPATH_SEARCH_PATHS = "$(inherited) @executable_path/Frameworks @loader_path/Frameworks";
				PRODUCT_NAME = "$(TARGET_NAME)";
				TEST_HOST = "$(BUILT_PRODUCTS_DIR)/FlowerPicker.app/FlowerPicker";
			};
			name = Release;
		};
/* End XCBuildConfiguration section */

/* Begin XCConfigurationList section */
		7CB5FA481A1450D000F6C0FD /* Build configuration list for PBXProject "FlowerPicker" */ = {
			isa = XCConfigurationList;
			buildConfigurations = (
				7CB5FA711A1450D100F6C0FD /* Debug */,
				7CB5FA721A1450D100F6C0FD /* Release */,
			);
			defaultConfigurationIsVisible = 0;
			defaultConfigurationName = Release;
		};
		7CB5FA731A1450D100F6C0FD /* Build configuration list for PBXNativeTarget "FlowerPicker" */ = {
			isa = XCConfigurationList;
			buildConfigurations = (
				7CB5FA741A1450D100F6C0FD /* Debug */,
				7CB5FA751A1450D100F6C0FD /* Release */,
			);
			defaultConfigurationIsVisible = 0;
			defaultConfigurationName = Release;
		};
		7CB5FA761A1450D100F6C0FD /* Build configuration list for PBXNativeTarget "FlowerPickerTests" */ = {
			isa = XCConfigurationList;
			buildConfigurations = (
				7CB5FA771A1450D100F6C0FD /* Debug */,
				7CB5FA781A1450D100F6C0FD /* Release */,
			);
			defaultConfigurationIsVisible = 0;
			defaultConfigurationName = Release;
		};
/* End XCConfigurationList section */

/* Begin XCVersionGroup section */
		7CB5FA571A1450D000F6C0FD /* FlowerPicker.xcdatamodeld */ = {
			isa = XCVersionGroup;
			children = (
				7CB5FA581A1450D000F6C0FD /* FlowerPicker.xcdatamodel */,
			);
			currentVersion = 7CB5FA581A1450D000F6C0FD /* FlowerPicker.xcdatamodel */;
			path = FlowerPicker.xcdatamodeld;
			sourceTree = "<group>";
			versionGroupType = wrapper.xcdatamodel;
		};
/* End XCVersionGroup section */
	};
	rootObject = 7CB5FA451A1450D000F6C0FD /* Project object */;
}
